{
  "version": 4,
  "terraform_version": "1.1.7",
  "serial": 23,
  "lineage": "249e1c0e-8837-58af-39fe-0de60c168969",
  "outputs": {
    "debug_string": {
      "value": "",
      "type": "string"
    },
    "location": {
      "value": "westus2",
      "type": "string"
    },
    "resource_group_name": {
      "value": "dev",
      "type": "string"
    },
    "vnet_id": {
      "value": "/subscriptions/eed7793f-216a-4d5f-8650-23329c6ab0b5/resourceGroups/dev/providers/Microsoft.Network/virtualNetworks/vnet-dev",
      "type": "string"
    },
    "vnet_name": {
      "value": "vnet-dev",
      "type": "string"
    }
  },
  "resources": [
    {
      "module": "module.networking[0]",
      "mode": "managed",
      "type": "azurerm_subnet",
      "name": "subnet_a",
      "provider": "provider[\"registry.terraform.io/hashicorp/azurerm\"]",
      "instances": [
        {
          "schema_version": 0,
          "attributes": {
            "address_prefix": "172.16.0.0/22",
            "address_prefixes": [
              "172.16.0.0/22"
            ],
            "delegation": [
              {
                "name": "delegation",
                "service_delegation": [
                  {
                    "actions": [
                      "Microsoft.Network/virtualNetworks/subnets/action"
                    ],
                    "name": "Microsoft.Web/serverFarms"
                  }
                ]
              }
            ],
            "enforce_private_link_endpoint_network_policies": false,
            "enforce_private_link_service_network_policies": false,
            "id": "/subscriptions/eed7793f-216a-4d5f-8650-23329c6ab0b5/resourceGroups/dev/providers/Microsoft.Network/virtualNetworks/vnet-dev/subnets/a-public-dev",
            "name": "a-public-dev",
            "resource_group_name": "dev",
            "service_endpoint_policy_ids": null,
            "service_endpoints": [
              "Microsoft.Web"
            ],
            "timeouts": null,
            "virtual_network_name": "vnet-dev"
          },
          "sensitive_attributes": [],
          "private": "eyJlMmJmYjczMC1lY2FhLTExZTYtOGY4OC0zNDM2M2JjN2M0YzAiOnsiY3JlYXRlIjoxODAwMDAwMDAwMDAwLCJkZWxldGUiOjE4MDAwMDAwMDAwMDAsInJlYWQiOjMwMDAwMDAwMDAwMCwidXBkYXRlIjoxODAwMDAwMDAwMDAwfX0=",
          "dependencies": [
            "module.networking.azurerm_virtual_network.vnet",
            "module.resgrp.azurerm_resource_group.grp"
          ]
        }
      ]
    },
    {
      "module": "module.networking[0]",
      "mode": "managed",
      "type": "azurerm_subnet",
      "name": "subnet_b",
      "provider": "provider[\"registry.terraform.io/hashicorp/azurerm\"]",
      "instances": [
        {
          "schema_version": 0,
          "attributes": {
            "address_prefix": "172.16.4.0/22",
            "address_prefixes": [
              "172.16.4.0/22"
            ],
            "delegation": [],
            "enforce_private_link_endpoint_network_policies": false,
            "enforce_private_link_service_network_policies": false,
            "id": "/subscriptions/eed7793f-216a-4d5f-8650-23329c6ab0b5/resourceGroups/dev/providers/Microsoft.Network/virtualNetworks/vnet-dev/subnets/b-private-dev",
            "name": "b-private-dev",
            "resource_group_name": "dev",
            "service_endpoint_policy_ids": null,
            "service_endpoints": [
              "Microsoft.Web"
            ],
            "timeouts": null,
            "virtual_network_name": "vnet-dev"
          },
          "sensitive_attributes": [],
          "private": "eyJlMmJmYjczMC1lY2FhLTExZTYtOGY4OC0zNDM2M2JjN2M0YzAiOnsiY3JlYXRlIjoxODAwMDAwMDAwMDAwLCJkZWxldGUiOjE4MDAwMDAwMDAwMDAsInJlYWQiOjMwMDAwMDAwMDAwMCwidXBkYXRlIjoxODAwMDAwMDAwMDAwfX0=",
          "dependencies": [
            "module.networking.azurerm_virtual_network.vnet",
            "module.resgrp.azurerm_resource_group.grp"
          ]
        }
      ]
    },
    {
      "module": "module.networking[0]",
      "mode": "managed",
      "type": "azurerm_subnet_network_security_group_association",
      "name": "subnet_a_sg",
      "provider": "provider[\"registry.terraform.io/hashicorp/azurerm\"]",
      "instances": [
        {
          "schema_version": 0,
          "attributes": {
            "id": "/subscriptions/eed7793f-216a-4d5f-8650-23329c6ab0b5/resourceGroups/dev/providers/Microsoft.Network/virtualNetworks/vnet-dev/subnets/a-public-dev",
            "network_security_group_id": "/subscriptions/eed7793f-216a-4d5f-8650-23329c6ab0b5/resourceGroups/dev/providers/Microsoft.Network/networkSecurityGroups/sg-snet-a-dev",
            "subnet_id": "/subscriptions/eed7793f-216a-4d5f-8650-23329c6ab0b5/resourceGroups/dev/providers/Microsoft.Network/virtualNetworks/vnet-dev/subnets/a-public-dev",
            "timeouts": null
          },
          "sensitive_attributes": [],
          "private": "eyJlMmJmYjczMC1lY2FhLTExZTYtOGY4OC0zNDM2M2JjN2M0YzAiOnsiY3JlYXRlIjoxODAwMDAwMDAwMDAwLCJkZWxldGUiOjE4MDAwMDAwMDAwMDAsInJlYWQiOjMwMDAwMDAwMDAwMCwidXBkYXRlIjoxODAwMDAwMDAwMDAwfX0=",
          "dependencies": [
            "module.networking.azurerm_subnet.subnet_a",
            "module.networking.azurerm_virtual_network.vnet",
            "module.networking.module.security-sg-sub-a.azurerm_network_security_group.secgrp",
            "module.resgrp.azurerm_resource_group.grp"
          ]
        }
      ]
    },
    {
      "module": "module.networking[0]",
      "mode": "managed",
      "type": "azurerm_subnet_network_security_group_association",
      "name": "subnet_b_sg",
      "provider": "provider[\"registry.terraform.io/hashicorp/azurerm\"]",
      "instances": [
        {
          "schema_version": 0,
          "attributes": {
            "id": "/subscriptions/eed7793f-216a-4d5f-8650-23329c6ab0b5/resourceGroups/dev/providers/Microsoft.Network/virtualNetworks/vnet-dev/subnets/b-private-dev",
            "network_security_group_id": "/subscriptions/eed7793f-216a-4d5f-8650-23329c6ab0b5/resourceGroups/dev/providers/Microsoft.Network/networkSecurityGroups/sg-snet-b-dev",
            "subnet_id": "/subscriptions/eed7793f-216a-4d5f-8650-23329c6ab0b5/resourceGroups/dev/providers/Microsoft.Network/virtualNetworks/vnet-dev/subnets/b-private-dev",
            "timeouts": null
          },
          "sensitive_attributes": [],
          "private": "eyJlMmJmYjczMC1lY2FhLTExZTYtOGY4OC0zNDM2M2JjN2M0YzAiOnsiY3JlYXRlIjoxODAwMDAwMDAwMDAwLCJkZWxldGUiOjE4MDAwMDAwMDAwMDAsInJlYWQiOjMwMDAwMDAwMDAwMCwidXBkYXRlIjoxODAwMDAwMDAwMDAwfX0=",
          "dependencies": [
            "module.networking.azurerm_subnet.subnet_b",
            "module.networking.azurerm_virtual_network.vnet",
            "module.networking.module.security-sg-sub-b.azurerm_network_security_group.secgrp",
            "module.resgrp.azurerm_resource_group.grp"
          ]
        }
      ]
    },
    {
      "module": "module.networking[0]",
      "mode": "managed",
      "type": "azurerm_virtual_network",
      "name": "vnet",
      "provider": "provider[\"registry.terraform.io/hashicorp/azurerm\"]",
      "instances": [
        {
          "schema_version": 0,
          "attributes": {
            "address_space": [
              "172.16.0.0/19"
            ],
            "bgp_community": "",
            "ddos_protection_plan": [],
            "dns_servers": [],
            "flow_timeout_in_minutes": 0,
            "guid": "e1425029-d6e7-4658-927c-cd4dc63bf245",
            "id": "/subscriptions/eed7793f-216a-4d5f-8650-23329c6ab0b5/resourceGroups/dev/providers/Microsoft.Network/virtualNetworks/vnet-dev",
            "location": "westus2",
            "name": "vnet-dev",
            "resource_group_name": "dev",
            "subnet": [],
            "tags": null,
            "timeouts": null,
            "vm_protection_enabled": false
          },
          "sensitive_attributes": [],
          "private": "eyJlMmJmYjczMC1lY2FhLTExZTYtOGY4OC0zNDM2M2JjN2M0YzAiOnsiY3JlYXRlIjoxODAwMDAwMDAwMDAwLCJkZWxldGUiOjE4MDAwMDAwMDAwMDAsInJlYWQiOjMwMDAwMDAwMDAwMCwidXBkYXRlIjoxODAwMDAwMDAwMDAwfX0=",
          "dependencies": [
            "module.resgrp.azurerm_resource_group.grp"
          ]
        }
      ]
    },
    {
      "module": "module.networking[0]",
      "mode": "managed",
      "type": "random_password",
      "name": "password",
      "provider": "provider[\"registry.terraform.io/hashicorp/random\"]",
      "instances": [
        {
          "schema_version": 0,
          "attributes": {
            "id": "none",
            "keepers": null,
            "length": 16,
            "lower": true,
            "min_lower": 0,
            "min_numeric": 0,
            "min_special": 0,
            "min_upper": 0,
            "number": true,
            "override_special": "_%@",
            "result": "wqyhMnNCPQWa5kys",
            "special": true,
            "upper": true
          },
          "sensitive_attributes": [],
          "private": "bnVsbA=="
        }
      ]
    },
    {
      "module": "module.networking[0].module.security-sg-sub-a",
      "mode": "managed",
      "type": "azurerm_network_security_group",
      "name": "secgrp",
      "provider": "provider[\"registry.terraform.io/hashicorp/azurerm\"]",
      "instances": [
        {
          "schema_version": 0,
          "attributes": {
            "id": "/subscriptions/eed7793f-216a-4d5f-8650-23329c6ab0b5/resourceGroups/dev/providers/Microsoft.Network/networkSecurityGroups/sg-snet-a-dev",
            "location": "westus2",
            "name": "sg-snet-a-dev",
            "resource_group_name": "dev",
            "security_rule": [],
            "tags": null,
            "timeouts": null
          },
          "sensitive_attributes": [],
          "private": "eyJlMmJmYjczMC1lY2FhLTExZTYtOGY4OC0zNDM2M2JjN2M0YzAiOnsiY3JlYXRlIjoxODAwMDAwMDAwMDAwLCJkZWxldGUiOjE4MDAwMDAwMDAwMDAsInJlYWQiOjMwMDAwMDAwMDAwMCwidXBkYXRlIjoxODAwMDAwMDAwMDAwfX0=",
          "dependencies": [
            "module.resgrp.azurerm_resource_group.grp"
          ]
        }
      ]
    },
    {
      "module": "module.networking[0].module.security-sg-sub-a",
      "mode": "managed",
      "type": "azurerm_network_security_rule",
      "name": "secgrpi_rule",
      "provider": "provider[\"registry.terraform.io/hashicorp/azurerm\"]",
      "instances": [
        {
          "index_key": 0,
          "schema_version": 0,
          "attributes": {
            "access": "Allow",
            "description": "",
            "destination_address_prefix": "VirtualNetwork",
            "destination_address_prefixes": null,
            "destination_application_security_group_ids": null,
            "destination_port_range": "*",
            "destination_port_ranges": null,
            "direction": "Inbound",
            "id": "/subscriptions/eed7793f-216a-4d5f-8650-23329c6ab0b5/resourceGroups/dev/providers/Microsoft.Network/networkSecurityGroups/sg-snet-a-dev/securityRules/sgri-snet-a-100-dev",
            "name": "sgri-snet-a-100-dev",
            "network_security_group_name": "sg-snet-a-dev",
            "priority": 100,
            "protocol": "Tcp",
            "resource_group_name": "dev",
            "source_address_prefix": "AzureLoadBalancer",
            "source_address_prefixes": null,
            "source_application_security_group_ids": null,
            "source_port_range": "*",
            "source_port_ranges": null,
            "timeouts": null
          },
          "sensitive_attributes": [],
          "private": "eyJlMmJmYjczMC1lY2FhLTExZTYtOGY4OC0zNDM2M2JjN2M0YzAiOnsiY3JlYXRlIjoxODAwMDAwMDAwMDAwLCJkZWxldGUiOjE4MDAwMDAwMDAwMDAsInJlYWQiOjMwMDAwMDAwMDAwMCwidXBkYXRlIjoxODAwMDAwMDAwMDAwfX0=",
          "dependencies": [
            "module.networking.module.security-sg-sub-a.azurerm_network_security_group.secgrp",
            "module.resgrp.azurerm_resource_group.grp"
          ]
        },
        {
          "index_key": 1,
          "schema_version": 0,
          "attributes": {
            "access": "Allow",
            "description": "",
            "destination_address_prefix": "VirtualNetwork",
            "destination_address_prefixes": null,
            "destination_application_security_group_ids": null,
            "destination_port_range": "*",
            "destination_port_ranges": null,
            "direction": "Inbound",
            "id": "/subscriptions/eed7793f-216a-4d5f-8650-23329c6ab0b5/resourceGroups/dev/providers/Microsoft.Network/networkSecurityGroups/sg-snet-a-dev/securityRules/sgri-snet-a-101-dev",
            "name": "sgri-snet-a-101-dev",
            "network_security_group_name": "sg-snet-a-dev",
            "priority": 101,
            "protocol": "Tcp",
            "resource_group_name": "dev",
            "source_address_prefix": "VirtualNetwork",
            "source_address_prefixes": null,
            "source_application_security_group_ids": null,
            "source_port_range": "*",
            "source_port_ranges": null,
            "timeouts": null
          },
          "sensitive_attributes": [],
          "private": "eyJlMmJmYjczMC1lY2FhLTExZTYtOGY4OC0zNDM2M2JjN2M0YzAiOnsiY3JlYXRlIjoxODAwMDAwMDAwMDAwLCJkZWxldGUiOjE4MDAwMDAwMDAwMDAsInJlYWQiOjMwMDAwMDAwMDAwMCwidXBkYXRlIjoxODAwMDAwMDAwMDAwfX0=",
          "dependencies": [
            "module.networking.module.security-sg-sub-a.azurerm_network_security_group.secgrp",
            "module.resgrp.azurerm_resource_group.grp"
          ]
        },
        {
          "index_key": 2,
          "schema_version": 0,
          "attributes": {
            "access": "Allow",
            "description": "",
            "destination_address_prefix": "VirtualNetwork",
            "destination_address_prefixes": null,
            "destination_application_security_group_ids": null,
            "destination_port_range": "*",
            "destination_port_ranges": null,
            "direction": "Inbound",
            "id": "/subscriptions/eed7793f-216a-4d5f-8650-23329c6ab0b5/resourceGroups/dev/providers/Microsoft.Network/networkSecurityGroups/sg-snet-a-dev/securityRules/sgri-snet-a-102-dev",
            "name": "sgri-snet-a-102-dev",
            "network_security_group_name": "sg-snet-a-dev",
            "priority": 102,
            "protocol": "Tcp",
            "resource_group_name": "dev",
            "source_address_prefix": "172.16.30.0/23",
            "source_address_prefixes": null,
            "source_application_security_group_ids": null,
            "source_port_range": "*",
            "source_port_ranges": null,
            "timeouts": null
          },
          "sensitive_attributes": [],
          "private": "eyJlMmJmYjczMC1lY2FhLTExZTYtOGY4OC0zNDM2M2JjN2M0YzAiOnsiY3JlYXRlIjoxODAwMDAwMDAwMDAwLCJkZWxldGUiOjE4MDAwMDAwMDAwMDAsInJlYWQiOjMwMDAwMDAwMDAwMCwidXBkYXRlIjoxODAwMDAwMDAwMDAwfX0=",
          "dependencies": [
            "module.networking.module.security-sg-sub-a.azurerm_network_security_group.secgrp",
            "module.resgrp.azurerm_resource_group.grp"
          ]
        },
        {
          "index_key": 3,
          "schema_version": 0,
          "attributes": {
            "access": "Deny",
            "description": "",
            "destination_address_prefix": "*",
            "destination_address_prefixes": null,
            "destination_application_security_group_ids": null,
            "destination_port_range": "*",
            "destination_port_ranges": null,
            "direction": "Inbound",
            "id": "/subscriptions/eed7793f-216a-4d5f-8650-23329c6ab0b5/resourceGroups/dev/providers/Microsoft.Network/networkSecurityGroups/sg-snet-a-dev/securityRules/sgri-snet-a-110-dev",
            "name": "sgri-snet-a-110-dev",
            "network_security_group_name": "sg-snet-a-dev",
            "priority": 110,
            "protocol": "Tcp",
            "resource_group_name": "dev",
            "source_address_prefix": "*",
            "source_address_prefixes": null,
            "source_application_security_group_ids": null,
            "source_port_range": "*",
            "source_port_ranges": null,
            "timeouts": null
          },
          "sensitive_attributes": [],
          "private": "eyJlMmJmYjczMC1lY2FhLTExZTYtOGY4OC0zNDM2M2JjN2M0YzAiOnsiY3JlYXRlIjoxODAwMDAwMDAwMDAwLCJkZWxldGUiOjE4MDAwMDAwMDAwMDAsInJlYWQiOjMwMDAwMDAwMDAwMCwidXBkYXRlIjoxODAwMDAwMDAwMDAwfX0=",
          "dependencies": [
            "module.networking.module.security-sg-sub-a.azurerm_network_security_group.secgrp",
            "module.resgrp.azurerm_resource_group.grp"
          ]
        }
      ]
    },
    {
      "module": "module.networking[0].module.security-sg-sub-a",
      "mode": "managed",
      "type": "azurerm_network_security_rule",
      "name": "secgrpo_rule",
      "provider": "provider[\"registry.terraform.io/hashicorp/azurerm\"]",
      "instances": [
        {
          "index_key": 0,
          "schema_version": 0,
          "attributes": {
            "access": "Allow",
            "description": "",
            "destination_address_prefix": "*",
            "destination_address_prefixes": null,
            "destination_application_security_group_ids": null,
            "destination_port_range": "*",
            "destination_port_ranges": null,
            "direction": "Outbound",
            "id": "/subscriptions/eed7793f-216a-4d5f-8650-23329c6ab0b5/resourceGroups/dev/providers/Microsoft.Network/networkSecurityGroups/sg-snet-a-dev/securityRules/sgro-snet-a-110-dev",
            "name": "sgro-snet-a-110-dev",
            "network_security_group_name": "sg-snet-a-dev",
            "priority": 110,
            "protocol": "Tcp",
            "resource_group_name": "dev",
            "source_address_prefix": "*",
            "source_address_prefixes": null,
            "source_application_security_group_ids": null,
            "source_port_range": "*",
            "source_port_ranges": null,
            "timeouts": null
          },
          "sensitive_attributes": [],
          "private": "eyJlMmJmYjczMC1lY2FhLTExZTYtOGY4OC0zNDM2M2JjN2M0YzAiOnsiY3JlYXRlIjoxODAwMDAwMDAwMDAwLCJkZWxldGUiOjE4MDAwMDAwMDAwMDAsInJlYWQiOjMwMDAwMDAwMDAwMCwidXBkYXRlIjoxODAwMDAwMDAwMDAwfX0=",
          "dependencies": [
            "module.networking.module.security-sg-sub-a.azurerm_network_security_group.secgrp",
            "module.resgrp.azurerm_resource_group.grp"
          ]
        }
      ]
    },
    {
      "module": "module.networking[0].module.security-sg-sub-b",
      "mode": "managed",
      "type": "azurerm_network_security_group",
      "name": "secgrp",
      "provider": "provider[\"registry.terraform.io/hashicorp/azurerm\"]",
      "instances": [
        {
          "schema_version": 0,
          "attributes": {
            "id": "/subscriptions/eed7793f-216a-4d5f-8650-23329c6ab0b5/resourceGroups/dev/providers/Microsoft.Network/networkSecurityGroups/sg-snet-b-dev",
            "location": "westus2",
            "name": "sg-snet-b-dev",
            "resource_group_name": "dev",
            "security_rule": [],
            "tags": null,
            "timeouts": null
          },
          "sensitive_attributes": [],
          "private": "eyJlMmJmYjczMC1lY2FhLTExZTYtOGY4OC0zNDM2M2JjN2M0YzAiOnsiY3JlYXRlIjoxODAwMDAwMDAwMDAwLCJkZWxldGUiOjE4MDAwMDAwMDAwMDAsInJlYWQiOjMwMDAwMDAwMDAwMCwidXBkYXRlIjoxODAwMDAwMDAwMDAwfX0=",
          "dependencies": [
            "module.resgrp.azurerm_resource_group.grp"
          ]
        }
      ]
    },
    {
      "module": "module.networking[0].module.security-sg-sub-b",
      "mode": "managed",
      "type": "azurerm_network_security_rule",
      "name": "secgrpi_rule",
      "provider": "provider[\"registry.terraform.io/hashicorp/azurerm\"]",
      "instances": [
        {
          "index_key": 0,
          "schema_version": 0,
          "attributes": {
            "access": "Allow",
            "description": "",
            "destination_address_prefix": "*",
            "destination_address_prefixes": null,
            "destination_application_security_group_ids": null,
            "destination_port_range": "*",
            "destination_port_ranges": null,
            "direction": "Inbound",
            "id": "/subscriptions/eed7793f-216a-4d5f-8650-23329c6ab0b5/resourceGroups/dev/providers/Microsoft.Network/networkSecurityGroups/sg-snet-b-dev/securityRules/sgri-snet-b-100-dev",
            "name": "sgri-snet-b-100-dev",
            "network_security_group_name": "sg-snet-b-dev",
            "priority": 100,
            "protocol": "Tcp",
            "resource_group_name": "dev",
            "source_address_prefix": "AzureLoadBalancer",
            "source_address_prefixes": null,
            "source_application_security_group_ids": null,
            "source_port_range": "*",
            "source_port_ranges": null,
            "timeouts": null
          },
          "sensitive_attributes": [],
          "private": "eyJlMmJmYjczMC1lY2FhLTExZTYtOGY4OC0zNDM2M2JjN2M0YzAiOnsiY3JlYXRlIjoxODAwMDAwMDAwMDAwLCJkZWxldGUiOjE4MDAwMDAwMDAwMDAsInJlYWQiOjMwMDAwMDAwMDAwMCwidXBkYXRlIjoxODAwMDAwMDAwMDAwfX0=",
          "dependencies": [
            "module.networking.module.security-sg-sub-b.azurerm_network_security_group.secgrp",
            "module.resgrp.azurerm_resource_group.grp"
          ]
        },
        {
          "index_key": 1,
          "schema_version": 0,
          "attributes": {
            "access": "Allow",
            "description": "",
            "destination_address_prefix": "VirtualNetwork",
            "destination_address_prefixes": null,
            "destination_application_security_group_ids": null,
            "destination_port_range": "*",
            "destination_port_ranges": null,
            "direction": "Inbound",
            "id": "/subscriptions/eed7793f-216a-4d5f-8650-23329c6ab0b5/resourceGroups/dev/providers/Microsoft.Network/networkSecurityGroups/sg-snet-b-dev/securityRules/sgri-snet-b-101-dev",
            "name": "sgri-snet-b-101-dev",
            "network_security_group_name": "sg-snet-b-dev",
            "priority": 101,
            "protocol": "Tcp",
            "resource_group_name": "dev",
            "source_address_prefix": "VirtualNetwork",
            "source_address_prefixes": null,
            "source_application_security_group_ids": null,
            "source_port_range": "*",
            "source_port_ranges": null,
            "timeouts": null
          },
          "sensitive_attributes": [],
          "private": "eyJlMmJmYjczMC1lY2FhLTExZTYtOGY4OC0zNDM2M2JjN2M0YzAiOnsiY3JlYXRlIjoxODAwMDAwMDAwMDAwLCJkZWxldGUiOjE4MDAwMDAwMDAwMDAsInJlYWQiOjMwMDAwMDAwMDAwMCwidXBkYXRlIjoxODAwMDAwMDAwMDAwfX0=",
          "dependencies": [
            "module.networking.module.security-sg-sub-b.azurerm_network_security_group.secgrp",
            "module.resgrp.azurerm_resource_group.grp"
          ]
        },
        {
          "index_key": 2,
          "schema_version": 0,
          "attributes": {
            "access": "Allow",
            "description": "",
            "destination_address_prefix": "VirtualNetwork",
            "destination_address_prefixes": null,
            "destination_application_security_group_ids": null,
            "destination_port_range": "*",
            "destination_port_ranges": null,
            "direction": "Inbound",
            "id": "/subscriptions/eed7793f-216a-4d5f-8650-23329c6ab0b5/resourceGroups/dev/providers/Microsoft.Network/networkSecurityGroups/sg-snet-b-dev/securityRules/sgri-snet-b-102-dev",
            "name": "sgri-snet-b-102-dev",
            "network_security_group_name": "sg-snet-b-dev",
            "priority": 102,
            "protocol": "Tcp",
            "resource_group_name": "dev",
            "source_address_prefix": "172.16.30.0/23",
            "source_address_prefixes": null,
            "source_application_security_group_ids": null,
            "source_port_range": "*",
            "source_port_ranges": null,
            "timeouts": null
          },
          "sensitive_attributes": [],
          "private": "eyJlMmJmYjczMC1lY2FhLTExZTYtOGY4OC0zNDM2M2JjN2M0YzAiOnsiY3JlYXRlIjoxODAwMDAwMDAwMDAwLCJkZWxldGUiOjE4MDAwMDAwMDAwMDAsInJlYWQiOjMwMDAwMDAwMDAwMCwidXBkYXRlIjoxODAwMDAwMDAwMDAwfX0=",
          "dependencies": [
            "module.networking.module.security-sg-sub-b.azurerm_network_security_group.secgrp",
            "module.resgrp.azurerm_resource_group.grp"
          ]
        },
        {
          "index_key": 3,
          "schema_version": 0,
          "attributes": {
            "access": "Allow",
            "description": "",
            "destination_address_prefix": "VirtualNetwork",
            "destination_address_prefixes": null,
            "destination_application_security_group_ids": null,
            "destination_port_range": "3443",
            "destination_port_ranges": null,
            "direction": "Inbound",
            "id": "/subscriptions/eed7793f-216a-4d5f-8650-23329c6ab0b5/resourceGroups/dev/providers/Microsoft.Network/networkSecurityGroups/sg-snet-b-dev/securityRules/sgri-snet-b-103-dev",
            "name": "sgri-snet-b-103-dev",
            "network_security_group_name": "sg-snet-b-dev",
            "priority": 103,
            "protocol": "Tcp",
            "resource_group_name": "dev",
            "source_address_prefix": "ApiManagement",
            "source_address_prefixes": null,
            "source_application_security_group_ids": null,
            "source_port_range": "*",
            "source_port_ranges": null,
            "timeouts": null
          },
          "sensitive_attributes": [],
          "private": "eyJlMmJmYjczMC1lY2FhLTExZTYtOGY4OC0zNDM2M2JjN2M0YzAiOnsiY3JlYXRlIjoxODAwMDAwMDAwMDAwLCJkZWxldGUiOjE4MDAwMDAwMDAwMDAsInJlYWQiOjMwMDAwMDAwMDAwMCwidXBkYXRlIjoxODAwMDAwMDAwMDAwfX0=",
          "dependencies": [
            "module.networking.module.security-sg-sub-b.azurerm_network_security_group.secgrp",
            "module.resgrp.azurerm_resource_group.grp"
          ]
        },
        {
          "index_key": 4,
          "schema_version": 0,
          "attributes": {
            "access": "Deny",
            "description": "",
            "destination_address_prefix": "*",
            "destination_address_prefixes": null,
            "destination_application_security_group_ids": null,
            "destination_port_range": "*",
            "destination_port_ranges": null,
            "direction": "Inbound",
            "id": "/subscriptions/eed7793f-216a-4d5f-8650-23329c6ab0b5/resourceGroups/dev/providers/Microsoft.Network/networkSecurityGroups/sg-snet-b-dev/securityRules/sgri-snet-b-110-dev",
            "name": "sgri-snet-b-110-dev",
            "network_security_group_name": "sg-snet-b-dev",
            "priority": 110,
            "protocol": "Tcp",
            "resource_group_name": "dev",
            "source_address_prefix": "*",
            "source_address_prefixes": null,
            "source_application_security_group_ids": null,
            "source_port_range": "*",
            "source_port_ranges": null,
            "timeouts": null
          },
          "sensitive_attributes": [],
          "private": "eyJlMmJmYjczMC1lY2FhLTExZTYtOGY4OC0zNDM2M2JjN2M0YzAiOnsiY3JlYXRlIjoxODAwMDAwMDAwMDAwLCJkZWxldGUiOjE4MDAwMDAwMDAwMDAsInJlYWQiOjMwMDAwMDAwMDAwMCwidXBkYXRlIjoxODAwMDAwMDAwMDAwfX0=",
          "dependencies": [
            "module.networking.module.security-sg-sub-b.azurerm_network_security_group.secgrp",
            "module.resgrp.azurerm_resource_group.grp"
          ]
        }
      ]
    },
    {
      "module": "module.networking[0].module.security-sg-sub-b",
      "mode": "managed",
      "type": "azurerm_network_security_rule",
      "name": "secgrpo_rule",
      "provider": "provider[\"registry.terraform.io/hashicorp/azurerm\"]",
      "instances": [
        {
          "index_key": 0,
          "schema_version": 0,
          "attributes": {
            "access": "Allow",
            "description": "",
            "destination_address_prefix": "*",
            "destination_address_prefixes": null,
            "destination_application_security_group_ids": null,
            "destination_port_range": "*",
            "destination_port_ranges": null,
            "direction": "Outbound",
            "id": "/subscriptions/eed7793f-216a-4d5f-8650-23329c6ab0b5/resourceGroups/dev/providers/Microsoft.Network/networkSecurityGroups/sg-snet-b-dev/securityRules/sgro-snet-b-110-dev",
            "name": "sgro-snet-b-110-dev",
            "network_security_group_name": "sg-snet-b-dev",
            "priority": 110,
            "protocol": "Tcp",
            "resource_group_name": "dev",
            "source_address_prefix": "*",
            "source_address_prefixes": null,
            "source_application_security_group_ids": null,
            "source_port_range": "*",
            "source_port_ranges": null,
            "timeouts": null
          },
          "sensitive_attributes": [],
          "private": "eyJlMmJmYjczMC1lY2FhLTExZTYtOGY4OC0zNDM2M2JjN2M0YzAiOnsiY3JlYXRlIjoxODAwMDAwMDAwMDAwLCJkZWxldGUiOjE4MDAwMDAwMDAwMDAsInJlYWQiOjMwMDAwMDAwMDAwMCwidXBkYXRlIjoxODAwMDAwMDAwMDAwfX0=",
          "dependencies": [
            "module.networking.module.security-sg-sub-b.azurerm_network_security_group.secgrp",
            "module.resgrp.azurerm_resource_group.grp"
          ]
        }
      ]
    },
    {
      "module": "module.resgrp[0]",
      "mode": "managed",
      "type": "azurerm_resource_group",
      "name": "grp",
      "provider": "provider[\"registry.terraform.io/hashicorp/azurerm\"]",
      "instances": [
        {
          "schema_version": 0,
          "attributes": {
            "id": "/subscriptions/eed7793f-216a-4d5f-8650-23329c6ab0b5/resourceGroups/dev",
            "location": "westus2",
            "name": "dev",
            "tags": null,
            "timeouts": null
          },
          "sensitive_attributes": [],
          "private": "eyJlMmJmYjczMC1lY2FhLTExZTYtOGY4OC0zNDM2M2JjN2M0YzAiOnsiY3JlYXRlIjo1NDAwMDAwMDAwMDAwLCJkZWxldGUiOjU0MDAwMDAwMDAwMDAsInJlYWQiOjMwMDAwMDAwMDAwMCwidXBkYXRlIjo1NDAwMDAwMDAwMDAwfX0="
        }
      ]
    },
    {
      "module": "module.storage[0]",
      "mode": "managed",
      "type": "azurerm_storage_account",
      "name": "stg",
      "provider": "provider[\"registry.terraform.io/hashicorp/azurerm\"]",
      "instances": [
        {
          "schema_version": 2,
          "attributes": {
            "access_tier": "Hot",
            "account_kind": "StorageV2",
            "account_replication_type": "GRS",
            "account_tier": "Standard",
            "allow_blob_public_access": false,
            "azure_files_authentication": [],
            "blob_properties": [
              {
                "change_feed_enabled": false,
                "container_delete_retention_policy": [],
                "cors_rule": [],
                "default_service_version": "",
                "delete_retention_policy": [],
                "last_access_time_enabled": false,
                "versioning_enabled": false
              }
            ],
            "custom_domain": [],
            "enable_https_traffic_only": true,
            "id": "/subscriptions/eed7793f-216a-4d5f-8650-23329c6ab0b5/resourceGroups/dev/providers/Microsoft.Storage/storageAccounts/bradescotechmaindev",
            "identity": [],
            "infrastructure_encryption_enabled": false,
            "is_hns_enabled": false,
            "large_file_share_enabled": null,
            "location": "westus2",
            "min_tls_version": "TLS1_0",
            "name": "bradescotechmaindev",
            "network_rules": [
              {
                "bypass": [
                  "AzureServices"
                ],
                "default_action": "Allow",
                "ip_rules": [],
                "private_link_access": [],
                "virtual_network_subnet_ids": []
              }
            ],
            "nfsv3_enabled": false,
            "primary_access_key": "euPi50gZGgRZIU8LMGY6qW1MNM7qGwN7/uz3c9x/k8NMGNJszR3+e/Arkh14ZdyShwWkjtwkihkfe9Z/qpyJfQ==",
            "primary_blob_connection_string": "DefaultEndpointsProtocol=https;BlobEndpoint=https://bradescotechmaindev.blob.core.windows.net/;AccountName=bradescotechmaindev;AccountKey=euPi50gZGgRZIU8LMGY6qW1MNM7qGwN7/uz3c9x/k8NMGNJszR3+e/Arkh14ZdyShwWkjtwkihkfe9Z/qpyJfQ==",
            "primary_blob_endpoint": "https://bradescotechmaindev.blob.core.windows.net/",
            "primary_blob_host": "bradescotechmaindev.blob.core.windows.net",
            "primary_connection_string": "DefaultEndpointsProtocol=https;AccountName=bradescotechmaindev;AccountKey=euPi50gZGgRZIU8LMGY6qW1MNM7qGwN7/uz3c9x/k8NMGNJszR3+e/Arkh14ZdyShwWkjtwkihkfe9Z/qpyJfQ==;EndpointSuffix=core.windows.net",
            "primary_dfs_endpoint": "https://bradescotechmaindev.dfs.core.windows.net/",
            "primary_dfs_host": "bradescotechmaindev.dfs.core.windows.net",
            "primary_file_endpoint": "https://bradescotechmaindev.file.core.windows.net/",
            "primary_file_host": "bradescotechmaindev.file.core.windows.net",
            "primary_location": "westus2",
            "primary_queue_endpoint": "https://bradescotechmaindev.queue.core.windows.net/",
            "primary_queue_host": "bradescotechmaindev.queue.core.windows.net",
            "primary_table_endpoint": "https://bradescotechmaindev.table.core.windows.net/",
            "primary_table_host": "bradescotechmaindev.table.core.windows.net",
            "primary_web_endpoint": "https://bradescotechmaindev.z5.web.core.windows.net/",
            "primary_web_host": "bradescotechmaindev.z5.web.core.windows.net",
            "queue_encryption_key_type": "Service",
            "queue_properties": [
              {
                "cors_rule": [],
                "hour_metrics": [
                  {
                    "enabled": true,
                    "include_apis": true,
                    "retention_policy_days": 7,
                    "version": "1.0"
                  }
                ],
                "logging": [
                  {
                    "delete": false,
                    "read": false,
                    "retention_policy_days": 0,
                    "version": "1.0",
                    "write": false
                  }
                ],
                "minute_metrics": [
                  {
                    "enabled": false,
                    "include_apis": false,
                    "retention_policy_days": 0,
                    "version": "1.0"
                  }
                ]
              }
            ],
            "resource_group_name": "dev",
            "routing": [],
            "secondary_access_key": "hu/6JmFXneId4w4X6XLh0+ZI0HbNsSu9HczBo4mmt4BI8MG2F0CdSon5sCmzzayRYB9unyCdabc5JPQIQJBzSQ==",
            "secondary_blob_connection_string": "",
            "secondary_blob_endpoint": null,
            "secondary_blob_host": null,
            "secondary_connection_string": "DefaultEndpointsProtocol=https;AccountName=bradescotechmaindev;AccountKey=hu/6JmFXneId4w4X6XLh0+ZI0HbNsSu9HczBo4mmt4BI8MG2F0CdSon5sCmzzayRYB9unyCdabc5JPQIQJBzSQ==;EndpointSuffix=core.windows.net",
            "secondary_dfs_endpoint": null,
            "secondary_dfs_host": null,
            "secondary_file_endpoint": null,
            "secondary_file_host": null,
            "secondary_location": "westcentralus",
            "secondary_queue_endpoint": null,
            "secondary_queue_host": null,
            "secondary_table_endpoint": null,
            "secondary_table_host": null,
            "secondary_web_endpoint": null,
            "secondary_web_host": null,
            "share_properties": [
              {
                "cors_rule": [],
                "retention_policy": [
                  {
                    "days": 7
                  }
                ],
                "smb": []
              }
            ],
            "shared_access_key_enabled": true,
            "static_website": [],
            "table_encryption_key_type": "Service",
            "tags": null,
            "timeouts": null
          },
          "sensitive_attributes": [],
          "private": "eyJlMmJmYjczMC1lY2FhLTExZTYtOGY4OC0zNDM2M2JjN2M0YzAiOnsiY3JlYXRlIjozNjAwMDAwMDAwMDAwLCJkZWxldGUiOjM2MDAwMDAwMDAwMDAsInJlYWQiOjMwMDAwMDAwMDAwMCwidXBkYXRlIjozNjAwMDAwMDAwMDAwfSwic2NoZW1hX3ZlcnNpb24iOiIyIn0=",
          "dependencies": [
            "module.resgrp.azurerm_resource_group.grp"
          ]
        }
      ]
    }
  ]
}
