{
  "version": 4,
  "terraform_version": "1.1.7",
  "serial": 163,
  "lineage": "249e1c0e-8837-58af-39fe-0de60c168969",
  "outputs": {
    "debug_string": {
      "value": "",
      "type": "string"
    },
    "location": {
      "value": "westus",
      "type": "string"
    },
    "resource_group_name": {
      "value": "dev",
      "type": "string"
    },
    "vnet_id": {
      "value": "/subscriptions/eed7793f-216a-4d5f-8650-23329c6ab0b5/resourceGroups/dev/providers/Microsoft.Network/virtualNetworks/vnet-dev",
      "type": "string"
    },
    "vnet_name": {
      "value": "vnet-dev",
      "type": "string"
    }
  },
  "resources": [
    {
      "mode": "managed",
      "type": "random_id",
      "name": "backstage_secret",
      "provider": "provider[\"registry.terraform.io/hashicorp/random\"]",
      "instances": [
        {
          "schema_version": 0,
          "attributes": {
            "b64_std": "RAGcdlODCutKcFRDa55vNpfXo93zhgsx",
            "b64_url": "RAGcdlODCutKcFRDa55vNpfXo93zhgsx",
            "byte_length": 24,
            "dec": "1667509468896741430720562546787160107189642301935127497521",
            "hex": "44019c7653830aeb4a7054436b9e6f3697d7a3ddf3860b31",
            "id": "RAGcdlODCutKcFRDa55vNpfXo93zhgsx",
            "keepers": null,
            "prefix": null
          },
          "sensitive_attributes": [],
          "private": "bnVsbA=="
        }
      ]
    },
    {
      "module": "module.container-registry[0]",
      "mode": "managed",
      "type": "azurerm_container_registry",
      "name": "acr",
      "provider": "provider[\"registry.terraform.io/hashicorp/azurerm\"]",
      "instances": [
        {
          "index_key": 0,
          "schema_version": 2,
          "attributes": {
            "admin_enabled": true,
            "admin_password": "dGl6F0dfyKEuh0CHPW=vDQPNu00lbCrz",
            "admin_username": "bsacrdev",
            "anonymous_pull_enabled": false,
            "data_endpoint_enabled": false,
            "encryption": [
              {
                "enabled": false,
                "identity_client_id": "",
                "key_vault_key_id": ""
              }
            ],
            "georeplication_locations": [],
            "georeplications": [],
            "id": "/subscriptions/eed7793f-216a-4d5f-8650-23329c6ab0b5/resourceGroups/dev/providers/Microsoft.ContainerRegistry/registries/bsacrdev",
            "identity": [
              {
                "identity_ids": [
                  "/subscriptions/eed7793f-216a-4d5f-8650-23329c6ab0b5/resourceGroups/dev/providers/Microsoft.ManagedIdentity/userAssignedIdentities/bs-uai-dev"
                ],
                "principal_id": "",
                "tenant_id": "",
                "type": "UserAssigned"
              }
            ],
            "location": "westus",
            "login_server": "bsacrdev.azurecr.io",
            "name": "bsacrdev",
            "network_rule_bypass_option": "AzureServices",
            "network_rule_set": [],
            "public_network_access_enabled": true,
            "quarantine_policy_enabled": false,
            "resource_group_name": "dev",
            "retention_policy": [
              {
                "days": 7,
                "enabled": false
              }
            ],
            "sku": "Standard",
            "storage_account_id": "",
            "tags": {},
            "timeouts": null,
            "trust_policy": [
              {
                "enabled": false
              }
            ],
            "zone_redundancy_enabled": false
          },
          "sensitive_attributes": [],
          "private": "eyJlMmJmYjczMC1lY2FhLTExZTYtOGY4OC0zNDM2M2JjN2M0YzAiOnsiY3JlYXRlIjoxODAwMDAwMDAwMDAwLCJkZWxldGUiOjE4MDAwMDAwMDAwMDAsInJlYWQiOjMwMDAwMDAwMDAwMCwidXBkYXRlIjoxODAwMDAwMDAwMDAwfSwic2NoZW1hX3ZlcnNpb24iOiIyIn0=",
          "dependencies": [
            "module.container-registry.azurerm_user_assigned_identity.uai"
          ]
        }
      ]
    },
    {
      "module": "module.container-registry[0]",
      "mode": "managed",
      "type": "azurerm_user_assigned_identity",
      "name": "uai",
      "provider": "provider[\"registry.terraform.io/hashicorp/azurerm\"]",
      "instances": [
        {
          "index_key": 0,
          "schema_version": 1,
          "attributes": {
            "client_id": "bd785d84-c869-460a-87f7-5bf1f1ce0169",
            "id": "/subscriptions/eed7793f-216a-4d5f-8650-23329c6ab0b5/resourceGroups/dev/providers/Microsoft.ManagedIdentity/userAssignedIdentities/bs-uai-dev",
            "location": "westus",
            "name": "bs-uai-dev",
            "principal_id": "34e2014a-8c70-4de6-87bd-bf017f07f03d",
            "resource_group_name": "dev",
            "tags": {},
            "tenant_id": "a6605220-eae4-4901-996c-021a42d517a2",
            "timeouts": null
          },
          "sensitive_attributes": [],
          "private": "eyJlMmJmYjczMC1lY2FhLTExZTYtOGY4OC0zNDM2M2JjN2M0YzAiOnsiY3JlYXRlIjoxODAwMDAwMDAwMDAwLCJkZWxldGUiOjE4MDAwMDAwMDAwMDAsInJlYWQiOjMwMDAwMDAwMDAwMCwidXBkYXRlIjoxODAwMDAwMDAwMDAwfSwic2NoZW1hX3ZlcnNpb24iOiIxIn0="
        }
      ]
    },
    {
      "module": "module.container-service-fe[0]",
      "mode": "managed",
      "type": "azurerm_app_service",
      "name": "webapp_container",
      "provider": "provider[\"registry.terraform.io/hashicorp/azurerm\"]",
      "instances": [
        {
          "schema_version": 0,
          "attributes": {
            "app_service_plan_id": "/subscriptions/eed7793f-216a-4d5f-8650-23329c6ab0b5/resourceGroups/dev/providers/Microsoft.Web/serverfarms/webapp-plan-dev",
            "app_settings": {
              "AZURE_WEBAPP_NAME": "bsfe-webapp-dev",
              "DOCKER_REGISTRY_SERVER_PASSWORD": "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",
              "DOCKER_REGISTRY_SERVER_URL": "https://ghcr.io",
              "DOCKER_REGISTRY_SERVER_USERNAME": "arnaldo.prado74",
              "WEBSITES_ENABLE_APP_SERVICE_STORAGE": "true",
              "WEBSITES_PORT": "80",
              "WEBSITE_HEALTHCHECK_MAXPINGFAILURES": "10"
            },
            "auth_settings": [
              {
                "active_directory": [],
                "additional_login_params": {},
                "allowed_external_redirect_urls": [],
                "default_provider": "",
                "enabled": false,
                "facebook": [],
                "google": [],
                "issuer": "",
                "microsoft": [],
                "runtime_version": "",
                "token_refresh_extension_hours": 0,
                "token_store_enabled": false,
                "twitter": [],
                "unauthenticated_client_action": ""
              }
            ],
            "backup": [],
            "client_affinity_enabled": false,
            "client_cert_enabled": false,
            "client_cert_mode": "Required",
            "connection_string": [],
            "custom_domain_verification_id": "01815F1E9F31F8A85ACCA0F0663B5B5A351761F2FD8B8F3A265F9225ED2EE1DF",
            "default_site_hostname": "bsfe-webapp-dev.azurewebsites.net",
            "enabled": true,
            "https_only": false,
            "id": "/subscriptions/eed7793f-216a-4d5f-8650-23329c6ab0b5/resourceGroups/dev/providers/Microsoft.Web/sites/bsfe-webapp-dev",
            "identity": [],
            "key_vault_reference_identity_id": "SystemAssigned",
            "location": "westus",
            "logs": [
              {
                "application_logs": [
                  {
                    "azure_blob_storage": [],
                    "file_system_level": "Off"
                  }
                ],
                "detailed_error_messages_enabled": false,
                "failed_request_tracing_enabled": false,
                "http_logs": [
                  {
                    "azure_blob_storage": [],
                    "file_system": []
                  }
                ]
              }
            ],
            "name": "bsfe-webapp-dev",
            "outbound_ip_address_list": [
              "40.118.227.215",
              "40.118.231.14",
              "13.64.101.180",
              "104.42.56.180",
              "40.118.225.130"
            ],
            "outbound_ip_addresses": "40.118.227.215,40.118.231.14,13.64.101.180,104.42.56.180,40.118.225.130",
            "possible_outbound_ip_address_list": [
              "40.112.243.46",
              "40.118.230.174",
              "104.42.150.243",
              "40.118.225.132",
              "40.112.135.83",
              "40.118.227.215",
              "40.118.231.14",
              "13.64.101.180",
              "104.42.56.180",
              "40.118.225.130"
            ],
            "possible_outbound_ip_addresses": "40.112.243.46,40.118.230.174,104.42.150.243,40.118.225.132,40.112.135.83,40.118.227.215,40.118.231.14,13.64.101.180,104.42.56.180,40.118.225.130",
            "resource_group_name": "dev",
            "site_config": [
              {
                "acr_use_managed_identity_credentials": false,
                "acr_user_managed_identity_client_id": "",
                "always_on": true,
                "app_command_line": "",
                "auto_swap_slot_name": "",
                "cors": [
                  {
                    "allowed_origins": [],
                    "support_credentials": false
                  }
                ],
                "default_documents": [],
                "dotnet_framework_version": "v4.0",
                "ftps_state": "AllAllowed",
                "health_check_path": "/",
                "http2_enabled": false,
                "ip_restriction": [
                  {
                    "action": "Allow",
                    "headers": [],
                    "ip_address": "",
                    "name": "BASE VNET",
                    "priority": 65000,
                    "service_tag": "",
                    "virtual_network_subnet_id": "/subscriptions/eed7793f-216a-4d5f-8650-23329c6ab0b5/resourceGroups/dev/providers/Microsoft.Network/virtualNetworks/vnet-dev/subnets/b-private-dev"
                  },
                  {
                    "action": "Allow",
                    "headers": [],
                    "ip_address": "201.13.82.30/32",
                    "name": "ANP",
                    "priority": 300,
                    "service_tag": "",
                    "virtual_network_subnet_id": ""
                  }
                ],
                "java_container": "",
                "java_container_version": "",
                "java_version": "",
                "linux_fx_version": "DOCKER|ghcr.io/arnaldoprado74/backstage-fe:latest",
                "local_mysql_enabled": false,
                "managed_pipeline_mode": "Integrated",
                "min_tls_version": "1.2",
                "number_of_workers": 1,
                "php_version": "",
                "python_version": "",
                "remote_debugging_enabled": false,
                "remote_debugging_version": "VS2019",
                "scm_ip_restriction": [],
                "scm_type": "None",
                "scm_use_main_ip_restriction": false,
                "use_32_bit_worker_process": false,
                "vnet_route_all_enabled": false,
                "websockets_enabled": false,
                "windows_fx_version": ""
              }
            ],
            "site_credential": [
              {
                "password": "hypxXF4a6BxLZkEgtqFRG4osZloqBrqF51uRFbnink9m8DJMA2LzzCbhWWqL",
                "username": "$bsfe-webapp-dev"
              }
            ],
            "source_control": [
              {
                "branch": "master",
                "manual_integration": false,
                "repo_url": "",
                "rollback_enabled": false,
                "use_mercurial": false
              }
            ],
            "storage_account": [],
            "tags": {},
            "timeouts": null
          },
          "sensitive_attributes": [],
          "private": "eyJlMmJmYjczMC1lY2FhLTExZTYtOGY4OC0zNDM2M2JjN2M0YzAiOnsiY3JlYXRlIjoxODAwMDAwMDAwMDAwLCJkZWxldGUiOjE4MDAwMDAwMDAwMDAsInJlYWQiOjMwMDAwMDAwMDAwMCwidXBkYXRlIjoxODAwMDAwMDAwMDAwfX0=",
          "dependencies": [
            "module.container-service-fe.azurerm_app_service_plan.webapp_plan",
            "module.networking.azuread_user.staff_users",
            "module.networking.azurerm_key_vault_certificate.kv_user_cert",
            "module.networking.azurerm_subnet.subnet_a",
            "module.networking.azurerm_subnet.subnet_b",
            "module.networking.azurerm_subnet_network_security_group_association.subnet_a_sg",
            "module.networking.azurerm_subnet_network_security_group_association.subnet_b_sg",
            "module.networking.azurerm_virtual_network.vnet",
            "module.networking.module.security-sg-sub-a.azurerm_network_security_group.secgrp",
            "module.networking.module.security-sg-sub-a.azurerm_network_security_rule.secgrpi_rule",
            "module.networking.module.security-sg-sub-a.azurerm_network_security_rule.secgrpo_rule",
            "module.networking.module.security-sg-sub-b.azurerm_network_security_group.secgrp",
            "module.networking.module.security-sg-sub-b.azurerm_network_security_rule.secgrpi_rule",
            "module.networking.module.security-sg-sub-b.azurerm_network_security_rule.secgrpo_rule",
            "module.networking.random_password.password",
            "module.resgrp.azurerm_resource_group.grp"
          ]
        }
      ]
    },
    {
      "module": "module.container-service-fe[0]",
      "mode": "managed",
      "type": "azurerm_app_service_plan",
      "name": "webapp_plan",
      "provider": "provider[\"registry.terraform.io/hashicorp/azurerm\"]",
      "instances": [
        {
          "index_key": 0,
          "schema_version": 0,
          "attributes": {
            "app_service_environment_id": "",
            "id": "/subscriptions/eed7793f-216a-4d5f-8650-23329c6ab0b5/resourceGroups/dev/providers/Microsoft.Web/serverfarms/webapp-plan-dev",
            "is_xenon": false,
            "kind": "linux",
            "location": "westus",
            "maximum_elastic_worker_count": 1,
            "maximum_number_of_workers": 30,
            "name": "webapp-plan-dev",
            "per_site_scaling": false,
            "reserved": true,
            "resource_group_name": "dev",
            "sku": [
              {
                "capacity": 1,
                "size": "P1v2",
                "tier": "PremiumV2"
              }
            ],
            "tags": {},
            "timeouts": null,
            "zone_redundant": false
          },
          "sensitive_attributes": [],
          "private": "eyJlMmJmYjczMC1lY2FhLTExZTYtOGY4OC0zNDM2M2JjN2M0YzAiOnsiY3JlYXRlIjozNjAwMDAwMDAwMDAwLCJkZWxldGUiOjM2MDAwMDAwMDAwMDAsInJlYWQiOjMwMDAwMDAwMDAwMCwidXBkYXRlIjozNjAwMDAwMDAwMDAwfX0="
        }
      ]
    },
    {
      "module": "module.container-service[0]",
      "mode": "managed",
      "type": "azurerm_app_service",
      "name": "webapp_container",
      "provider": "provider[\"registry.terraform.io/hashicorp/azurerm\"]",
      "instances": [
        {
          "schema_version": 0,
          "attributes": {
            "app_service_plan_id": "/subscriptions/eed7793f-216a-4d5f-8650-23329c6ab0b5/resourceGroups/dev/providers/Microsoft.Web/serverfarms/webapp-plan-dev",
            "app_settings": {
              "AUTH_GITLAB_CLIENT_ID": "fba8776a24f440fb4b51aa961cac764991d54095f837dc47b41b62eb7e7c8ec1",
              "AUTH_GITLAB_CLIENT_SECRET": "32d9e975d46a5e7f24f72470216cb8b954d8619923a59b7a7f6e6ccb36ec5aaf",
              "AZURE_WEBAPP_NAME": "bs-webapp-dev",
              "BACKEND_SECRET": "RAGcdlODCutKcFRDa55vNpfXo93zhgsx",
              "DOCKER_REGISTRY_SERVER_PASSWORD": "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",
              "DOCKER_REGISTRY_SERVER_URL": "https://ghcr.io",
              "DOCKER_REGISTRY_SERVER_USERNAME": "arnaldo.prado74",
              "POSTGRES_HOST": "bs-srv-dev.postgres.database.azure.com",
              "POSTGRES_PASSWORD": "Backstageportal22",
              "POSTGRES_PORT": "5432",
              "POSTGRES_USER": "admin@arnaldopradohotmail.onmicrosoft.com",
              "WEBSITES_ENABLE_APP_SERVICE_STORAGE": "true",
              "WEBSITES_PORT": "80",
              "WEBSITE_HEALTHCHECK_MAXPINGFAILURES": "10"
            },
            "auth_settings": [
              {
                "active_directory": [],
                "additional_login_params": {},
                "allowed_external_redirect_urls": [],
                "default_provider": "",
                "enabled": false,
                "facebook": [],
                "google": [],
                "issuer": "",
                "microsoft": [],
                "runtime_version": "",
                "token_refresh_extension_hours": 0,
                "token_store_enabled": false,
                "twitter": [],
                "unauthenticated_client_action": ""
              }
            ],
            "backup": [],
            "client_affinity_enabled": false,
            "client_cert_enabled": false,
            "client_cert_mode": "Required",
            "connection_string": [],
            "custom_domain_verification_id": "01815F1E9F31F8A85ACCA0F0663B5B5A351761F2FD8B8F3A265F9225ED2EE1DF",
            "default_site_hostname": "bs-webapp-dev.azurewebsites.net",
            "enabled": true,
            "https_only": false,
            "id": "/subscriptions/eed7793f-216a-4d5f-8650-23329c6ab0b5/resourceGroups/dev/providers/Microsoft.Web/sites/bs-webapp-dev",
            "identity": [],
            "key_vault_reference_identity_id": "SystemAssigned",
            "location": "westus",
            "logs": [
              {
                "application_logs": [
                  {
                    "azure_blob_storage": [],
                    "file_system_level": "Off"
                  }
                ],
                "detailed_error_messages_enabled": false,
                "failed_request_tracing_enabled": false,
                "http_logs": [
                  {
                    "azure_blob_storage": [],
                    "file_system": []
                  }
                ]
              }
            ],
            "name": "bs-webapp-dev",
            "outbound_ip_address_list": [
              "40.118.227.215",
              "40.118.231.14",
              "13.64.101.180",
              "104.42.56.180",
              "40.118.225.130"
            ],
            "outbound_ip_addresses": "40.118.227.215,40.118.231.14,13.64.101.180,104.42.56.180,40.118.225.130",
            "possible_outbound_ip_address_list": [
              "40.112.243.46",
              "40.118.230.174",
              "104.42.150.243",
              "40.118.225.132",
              "40.112.135.83",
              "40.118.227.215",
              "40.118.231.14",
              "13.64.101.180",
              "104.42.56.180",
              "40.118.225.130"
            ],
            "possible_outbound_ip_addresses": "40.112.243.46,40.118.230.174,104.42.150.243,40.118.225.132,40.112.135.83,40.118.227.215,40.118.231.14,13.64.101.180,104.42.56.180,40.118.225.130",
            "resource_group_name": "dev",
            "site_config": [
              {
                "acr_use_managed_identity_credentials": false,
                "acr_user_managed_identity_client_id": "",
                "always_on": true,
                "app_command_line": "",
                "auto_swap_slot_name": "",
                "cors": [
                  {
                    "allowed_origins": [],
                    "support_credentials": false
                  }
                ],
                "default_documents": [],
                "dotnet_framework_version": "v4.0",
                "ftps_state": "AllAllowed",
                "health_check_path": "",
                "http2_enabled": false,
                "ip_restriction": [
                  {
                    "action": "Allow",
                    "headers": [],
                    "ip_address": "",
                    "name": "BASE VNET",
                    "priority": 65000,
                    "service_tag": "",
                    "virtual_network_subnet_id": "/subscriptions/eed7793f-216a-4d5f-8650-23329c6ab0b5/resourceGroups/dev/providers/Microsoft.Network/virtualNetworks/vnet-dev/subnets/b-private-dev"
                  },
                  {
                    "action": "Allow",
                    "headers": [],
                    "ip_address": "201.13.82.30/32",
                    "name": "ANP",
                    "priority": 300,
                    "service_tag": "",
                    "virtual_network_subnet_id": ""
                  }
                ],
                "java_container": "",
                "java_container_version": "",
                "java_version": "",
                "linux_fx_version": "DOCKER|ghcr.io/arnaldoprado74/backstage-be:latest",
                "local_mysql_enabled": false,
                "managed_pipeline_mode": "Integrated",
                "min_tls_version": "1.2",
                "number_of_workers": 1,
                "php_version": "",
                "python_version": "",
                "remote_debugging_enabled": false,
                "remote_debugging_version": "VS2019",
                "scm_ip_restriction": [],
                "scm_type": "None",
                "scm_use_main_ip_restriction": false,
                "use_32_bit_worker_process": false,
                "vnet_route_all_enabled": false,
                "websockets_enabled": false,
                "windows_fx_version": ""
              }
            ],
            "site_credential": [
              {
                "password": "eyuw78En6WGoGqsdMsaba8tw9ZPFdWqW35LNNv6nLu55nDpc3iL0FSrEcZt5",
                "username": "$bs-webapp-dev"
              }
            ],
            "source_control": [
              {
                "branch": "master",
                "manual_integration": false,
                "repo_url": "",
                "rollback_enabled": false,
                "use_mercurial": false
              }
            ],
            "storage_account": [],
            "tags": {},
            "timeouts": null
          },
          "sensitive_attributes": [
            [
              {
                "type": "get_attr",
                "value": "app_settings"
              },
              {
                "type": "index",
                "value": {
                  "value": "POSTGRES_PASSWORD",
                  "type": "string"
                }
              }
            ]
          ],
          "private": "eyJlMmJmYjczMC1lY2FhLTExZTYtOGY4OC0zNDM2M2JjN2M0YzAiOnsiY3JlYXRlIjoxODAwMDAwMDAwMDAwLCJkZWxldGUiOjE4MDAwMDAwMDAwMDAsInJlYWQiOjMwMDAwMDAwMDAwMCwidXBkYXRlIjoxODAwMDAwMDAwMDAwfX0=",
          "dependencies": [
            "module.container-service.azurerm_app_service_plan.webapp_plan",
            "module.networking.azuread_user.staff_users",
            "module.networking.azurerm_key_vault_certificate.kv_user_cert",
            "module.networking.azurerm_subnet.subnet_a",
            "module.networking.azurerm_subnet.subnet_b",
            "module.networking.azurerm_subnet_network_security_group_association.subnet_a_sg",
            "module.networking.azurerm_subnet_network_security_group_association.subnet_b_sg",
            "module.networking.azurerm_virtual_network.vnet",
            "module.networking.module.security-sg-sub-a.azurerm_network_security_group.secgrp",
            "module.networking.module.security-sg-sub-a.azurerm_network_security_rule.secgrpi_rule",
            "module.networking.module.security-sg-sub-a.azurerm_network_security_rule.secgrpo_rule",
            "module.networking.module.security-sg-sub-b.azurerm_network_security_group.secgrp",
            "module.networking.module.security-sg-sub-b.azurerm_network_security_rule.secgrpi_rule",
            "module.networking.module.security-sg-sub-b.azurerm_network_security_rule.secgrpo_rule",
            "module.networking.random_password.password",
            "module.postgres-db-backstage.azurerm_postgresql_database.psqldb",
            "module.postgres-db-backstage.azurerm_postgresql_server.psqlserver",
            "module.resgrp.azurerm_resource_group.grp",
            "random_id.backstage_secret"
          ]
        }
      ]
    },
    {
      "module": "module.container-service[0]",
      "mode": "managed",
      "type": "azurerm_app_service_plan",
      "name": "webapp_plan",
      "provider": "provider[\"registry.terraform.io/hashicorp/azurerm\"]",
      "instances": [
        {
          "index_key": 0,
          "schema_version": 0,
          "attributes": {
            "app_service_environment_id": "",
            "id": "/subscriptions/eed7793f-216a-4d5f-8650-23329c6ab0b5/resourceGroups/dev/providers/Microsoft.Web/serverfarms/webapp-plan-dev",
            "is_xenon": false,
            "kind": "linux",
            "location": "westus",
            "maximum_elastic_worker_count": 1,
            "maximum_number_of_workers": 30,
            "name": "webapp-plan-dev",
            "per_site_scaling": false,
            "reserved": true,
            "resource_group_name": "dev",
            "sku": [
              {
                "capacity": 1,
                "size": "P1v2",
                "tier": "PremiumV2"
              }
            ],
            "tags": {},
            "timeouts": null,
            "zone_redundant": false
          },
          "sensitive_attributes": [],
          "private": "eyJlMmJmYjczMC1lY2FhLTExZTYtOGY4OC0zNDM2M2JjN2M0YzAiOnsiY3JlYXRlIjozNjAwMDAwMDAwMDAwLCJkZWxldGUiOjM2MDAwMDAwMDAwMDAsInJlYWQiOjMwMDAwMDAwMDAwMCwidXBkYXRlIjozNjAwMDAwMDAwMDAwfX0="
        }
      ]
    },
    {
      "module": "module.networking[0]",
      "mode": "managed",
      "type": "azurerm_subnet",
      "name": "subnet_a",
      "provider": "provider[\"registry.terraform.io/hashicorp/azurerm\"]",
      "instances": [
        {
          "schema_version": 0,
          "attributes": {
            "address_prefix": "172.16.0.0/22",
            "address_prefixes": [
              "172.16.0.0/22"
            ],
            "delegation": [
              {
                "name": "delegation",
                "service_delegation": [
                  {
                    "actions": [
                      "Microsoft.Network/virtualNetworks/subnets/action"
                    ],
                    "name": "Microsoft.Web/serverFarms"
                  }
                ]
              }
            ],
            "enforce_private_link_endpoint_network_policies": false,
            "enforce_private_link_service_network_policies": false,
            "id": "/subscriptions/eed7793f-216a-4d5f-8650-23329c6ab0b5/resourceGroups/dev/providers/Microsoft.Network/virtualNetworks/vnet-dev/subnets/a-public-dev",
            "name": "a-public-dev",
            "resource_group_name": "dev",
            "service_endpoint_policy_ids": [],
            "service_endpoints": [
              "Microsoft.Web"
            ],
            "timeouts": null,
            "virtual_network_name": "vnet-dev"
          },
          "sensitive_attributes": [],
          "private": "eyJlMmJmYjczMC1lY2FhLTExZTYtOGY4OC0zNDM2M2JjN2M0YzAiOnsiY3JlYXRlIjoxODAwMDAwMDAwMDAwLCJkZWxldGUiOjE4MDAwMDAwMDAwMDAsInJlYWQiOjMwMDAwMDAwMDAwMCwidXBkYXRlIjoxODAwMDAwMDAwMDAwfX0=",
          "dependencies": [
            "module.networking.azurerm_virtual_network.vnet",
            "module.resgrp.azurerm_resource_group.grp"
          ]
        }
      ]
    },
    {
      "module": "module.networking[0]",
      "mode": "managed",
      "type": "azurerm_subnet",
      "name": "subnet_b",
      "provider": "provider[\"registry.terraform.io/hashicorp/azurerm\"]",
      "instances": [
        {
          "schema_version": 0,
          "attributes": {
            "address_prefix": "172.16.4.0/22",
            "address_prefixes": [
              "172.16.4.0/22"
            ],
            "delegation": [],
            "enforce_private_link_endpoint_network_policies": false,
            "enforce_private_link_service_network_policies": false,
            "id": "/subscriptions/eed7793f-216a-4d5f-8650-23329c6ab0b5/resourceGroups/dev/providers/Microsoft.Network/virtualNetworks/vnet-dev/subnets/b-private-dev",
            "name": "b-private-dev",
            "resource_group_name": "dev",
            "service_endpoint_policy_ids": [],
            "service_endpoints": [
              "Microsoft.Web"
            ],
            "timeouts": null,
            "virtual_network_name": "vnet-dev"
          },
          "sensitive_attributes": [],
          "private": "eyJlMmJmYjczMC1lY2FhLTExZTYtOGY4OC0zNDM2M2JjN2M0YzAiOnsiY3JlYXRlIjoxODAwMDAwMDAwMDAwLCJkZWxldGUiOjE4MDAwMDAwMDAwMDAsInJlYWQiOjMwMDAwMDAwMDAwMCwidXBkYXRlIjoxODAwMDAwMDAwMDAwfX0=",
          "dependencies": [
            "module.networking.azurerm_virtual_network.vnet",
            "module.resgrp.azurerm_resource_group.grp"
          ]
        }
      ]
    },
    {
      "module": "module.networking[0]",
      "mode": "managed",
      "type": "azurerm_subnet_network_security_group_association",
      "name": "subnet_a_sg",
      "provider": "provider[\"registry.terraform.io/hashicorp/azurerm\"]",
      "instances": [
        {
          "schema_version": 0,
          "attributes": {
            "id": "/subscriptions/eed7793f-216a-4d5f-8650-23329c6ab0b5/resourceGroups/dev/providers/Microsoft.Network/virtualNetworks/vnet-dev/subnets/a-public-dev",
            "network_security_group_id": "/subscriptions/eed7793f-216a-4d5f-8650-23329c6ab0b5/resourceGroups/dev/providers/Microsoft.Network/networkSecurityGroups/sg-snet-a-dev",
            "subnet_id": "/subscriptions/eed7793f-216a-4d5f-8650-23329c6ab0b5/resourceGroups/dev/providers/Microsoft.Network/virtualNetworks/vnet-dev/subnets/a-public-dev",
            "timeouts": null
          },
          "sensitive_attributes": [],
          "private": "eyJlMmJmYjczMC1lY2FhLTExZTYtOGY4OC0zNDM2M2JjN2M0YzAiOnsiY3JlYXRlIjoxODAwMDAwMDAwMDAwLCJkZWxldGUiOjE4MDAwMDAwMDAwMDAsInJlYWQiOjMwMDAwMDAwMDAwMCwidXBkYXRlIjoxODAwMDAwMDAwMDAwfX0=",
          "dependencies": [
            "module.networking.azurerm_subnet.subnet_a",
            "module.networking.azurerm_virtual_network.vnet",
            "module.networking.module.security-sg-sub-a.azurerm_network_security_group.secgrp",
            "module.resgrp.azurerm_resource_group.grp"
          ]
        }
      ]
    },
    {
      "module": "module.networking[0]",
      "mode": "managed",
      "type": "azurerm_subnet_network_security_group_association",
      "name": "subnet_b_sg",
      "provider": "provider[\"registry.terraform.io/hashicorp/azurerm\"]",
      "instances": [
        {
          "schema_version": 0,
          "attributes": {
            "id": "/subscriptions/eed7793f-216a-4d5f-8650-23329c6ab0b5/resourceGroups/dev/providers/Microsoft.Network/virtualNetworks/vnet-dev/subnets/b-private-dev",
            "network_security_group_id": "/subscriptions/eed7793f-216a-4d5f-8650-23329c6ab0b5/resourceGroups/dev/providers/Microsoft.Network/networkSecurityGroups/sg-snet-b-dev",
            "subnet_id": "/subscriptions/eed7793f-216a-4d5f-8650-23329c6ab0b5/resourceGroups/dev/providers/Microsoft.Network/virtualNetworks/vnet-dev/subnets/b-private-dev",
            "timeouts": null
          },
          "sensitive_attributes": [],
          "private": "eyJlMmJmYjczMC1lY2FhLTExZTYtOGY4OC0zNDM2M2JjN2M0YzAiOnsiY3JlYXRlIjoxODAwMDAwMDAwMDAwLCJkZWxldGUiOjE4MDAwMDAwMDAwMDAsInJlYWQiOjMwMDAwMDAwMDAwMCwidXBkYXRlIjoxODAwMDAwMDAwMDAwfX0=",
          "dependencies": [
            "module.networking.azurerm_subnet.subnet_b",
            "module.networking.azurerm_virtual_network.vnet",
            "module.networking.module.security-sg-sub-b.azurerm_network_security_group.secgrp",
            "module.resgrp.azurerm_resource_group.grp"
          ]
        }
      ]
    },
    {
      "module": "module.networking[0]",
      "mode": "managed",
      "type": "azurerm_virtual_network",
      "name": "vnet",
      "provider": "provider[\"registry.terraform.io/hashicorp/azurerm\"]",
      "instances": [
        {
          "schema_version": 0,
          "attributes": {
            "address_space": [
              "172.16.0.0/19"
            ],
            "bgp_community": "",
            "ddos_protection_plan": [],
            "dns_servers": [],
            "flow_timeout_in_minutes": 0,
            "guid": "98deee41-cb9f-43e7-bff0-9af48ffd427e",
            "id": "/subscriptions/eed7793f-216a-4d5f-8650-23329c6ab0b5/resourceGroups/dev/providers/Microsoft.Network/virtualNetworks/vnet-dev",
            "location": "westus",
            "name": "vnet-dev",
            "resource_group_name": "dev",
            "subnet": [
              {
                "address_prefix": "172.16.0.0/22",
                "id": "/subscriptions/eed7793f-216a-4d5f-8650-23329c6ab0b5/resourceGroups/dev/providers/Microsoft.Network/virtualNetworks/vnet-dev/subnets/a-public-dev",
                "name": "a-public-dev",
                "security_group": "/subscriptions/eed7793f-216a-4d5f-8650-23329c6ab0b5/resourceGroups/dev/providers/Microsoft.Network/networkSecurityGroups/sg-snet-a-dev"
              },
              {
                "address_prefix": "172.16.4.0/22",
                "id": "/subscriptions/eed7793f-216a-4d5f-8650-23329c6ab0b5/resourceGroups/dev/providers/Microsoft.Network/virtualNetworks/vnet-dev/subnets/b-private-dev",
                "name": "b-private-dev",
                "security_group": "/subscriptions/eed7793f-216a-4d5f-8650-23329c6ab0b5/resourceGroups/dev/providers/Microsoft.Network/networkSecurityGroups/sg-snet-b-dev"
              }
            ],
            "tags": {},
            "timeouts": null,
            "vm_protection_enabled": false
          },
          "sensitive_attributes": [],
          "private": "eyJlMmJmYjczMC1lY2FhLTExZTYtOGY4OC0zNDM2M2JjN2M0YzAiOnsiY3JlYXRlIjoxODAwMDAwMDAwMDAwLCJkZWxldGUiOjE4MDAwMDAwMDAwMDAsInJlYWQiOjMwMDAwMDAwMDAwMCwidXBkYXRlIjoxODAwMDAwMDAwMDAwfX0=",
          "dependencies": [
            "module.resgrp.azurerm_resource_group.grp"
          ]
        }
      ]
    },
    {
      "module": "module.networking[0]",
      "mode": "managed",
      "type": "random_password",
      "name": "password",
      "provider": "provider[\"registry.terraform.io/hashicorp/random\"]",
      "instances": [
        {
          "schema_version": 0,
          "attributes": {
            "id": "none",
            "keepers": null,
            "length": 16,
            "lower": true,
            "min_lower": 0,
            "min_numeric": 0,
            "min_special": 0,
            "min_upper": 0,
            "number": true,
            "override_special": "_%@",
            "result": "seBc%VXh@zFwLNwp",
            "special": true,
            "upper": true
          },
          "sensitive_attributes": [],
          "private": "bnVsbA=="
        }
      ]
    },
    {
      "module": "module.networking[0].module.security-sg-sub-a",
      "mode": "managed",
      "type": "azurerm_network_security_group",
      "name": "secgrp",
      "provider": "provider[\"registry.terraform.io/hashicorp/azurerm\"]",
      "instances": [
        {
          "schema_version": 0,
          "attributes": {
            "id": "/subscriptions/eed7793f-216a-4d5f-8650-23329c6ab0b5/resourceGroups/dev/providers/Microsoft.Network/networkSecurityGroups/sg-snet-a-dev",
            "location": "westus",
            "name": "sg-snet-a-dev",
            "resource_group_name": "dev",
            "security_rule": [
              {
                "access": "Allow",
                "description": "",
                "destination_address_prefix": "*",
                "destination_address_prefixes": [],
                "destination_application_security_group_ids": [],
                "destination_port_range": "*",
                "destination_port_ranges": [],
                "direction": "Outbound",
                "name": "sgro-snet-a-110-dev",
                "priority": 110,
                "protocol": "Tcp",
                "source_address_prefix": "*",
                "source_address_prefixes": [],
                "source_application_security_group_ids": [],
                "source_port_range": "*",
                "source_port_ranges": []
              },
              {
                "access": "Allow",
                "description": "",
                "destination_address_prefix": "VirtualNetwork",
                "destination_address_prefixes": [],
                "destination_application_security_group_ids": [],
                "destination_port_range": "*",
                "destination_port_ranges": [],
                "direction": "Inbound",
                "name": "sgri-snet-a-100-dev",
                "priority": 100,
                "protocol": "Tcp",
                "source_address_prefix": "AzureLoadBalancer",
                "source_address_prefixes": [],
                "source_application_security_group_ids": [],
                "source_port_range": "*",
                "source_port_ranges": []
              },
              {
                "access": "Allow",
                "description": "",
                "destination_address_prefix": "VirtualNetwork",
                "destination_address_prefixes": [],
                "destination_application_security_group_ids": [],
                "destination_port_range": "*",
                "destination_port_ranges": [],
                "direction": "Inbound",
                "name": "sgri-snet-a-101-dev",
                "priority": 101,
                "protocol": "Tcp",
                "source_address_prefix": "VirtualNetwork",
                "source_address_prefixes": [],
                "source_application_security_group_ids": [],
                "source_port_range": "*",
                "source_port_ranges": []
              },
              {
                "access": "Allow",
                "description": "",
                "destination_address_prefix": "VirtualNetwork",
                "destination_address_prefixes": [],
                "destination_application_security_group_ids": [],
                "destination_port_range": "*",
                "destination_port_ranges": [],
                "direction": "Inbound",
                "name": "sgri-snet-a-102-dev",
                "priority": 102,
                "protocol": "Tcp",
                "source_address_prefix": "172.16.30.0/23",
                "source_address_prefixes": [],
                "source_application_security_group_ids": [],
                "source_port_range": "*",
                "source_port_ranges": []
              },
              {
                "access": "Deny",
                "description": "",
                "destination_address_prefix": "*",
                "destination_address_prefixes": [],
                "destination_application_security_group_ids": [],
                "destination_port_range": "*",
                "destination_port_ranges": [],
                "direction": "Inbound",
                "name": "sgri-snet-a-110-dev",
                "priority": 110,
                "protocol": "Tcp",
                "source_address_prefix": "*",
                "source_address_prefixes": [],
                "source_application_security_group_ids": [],
                "source_port_range": "*",
                "source_port_ranges": []
              }
            ],
            "tags": {},
            "timeouts": null
          },
          "sensitive_attributes": [],
          "private": "eyJlMmJmYjczMC1lY2FhLTExZTYtOGY4OC0zNDM2M2JjN2M0YzAiOnsiY3JlYXRlIjoxODAwMDAwMDAwMDAwLCJkZWxldGUiOjE4MDAwMDAwMDAwMDAsInJlYWQiOjMwMDAwMDAwMDAwMCwidXBkYXRlIjoxODAwMDAwMDAwMDAwfX0=",
          "dependencies": [
            "module.resgrp.azurerm_resource_group.grp"
          ]
        }
      ]
    },
    {
      "module": "module.networking[0].module.security-sg-sub-a",
      "mode": "managed",
      "type": "azurerm_network_security_rule",
      "name": "secgrpi_rule",
      "provider": "provider[\"registry.terraform.io/hashicorp/azurerm\"]",
      "instances": [
        {
          "index_key": 0,
          "schema_version": 0,
          "attributes": {
            "access": "Allow",
            "description": "",
            "destination_address_prefix": "VirtualNetwork",
            "destination_address_prefixes": [],
            "destination_application_security_group_ids": [],
            "destination_port_range": "*",
            "destination_port_ranges": [],
            "direction": "Inbound",
            "id": "/subscriptions/eed7793f-216a-4d5f-8650-23329c6ab0b5/resourceGroups/dev/providers/Microsoft.Network/networkSecurityGroups/sg-snet-a-dev/securityRules/sgri-snet-a-100-dev",
            "name": "sgri-snet-a-100-dev",
            "network_security_group_name": "sg-snet-a-dev",
            "priority": 100,
            "protocol": "Tcp",
            "resource_group_name": "dev",
            "source_address_prefix": "AzureLoadBalancer",
            "source_address_prefixes": [],
            "source_application_security_group_ids": [],
            "source_port_range": "*",
            "source_port_ranges": [],
            "timeouts": null
          },
          "sensitive_attributes": [],
          "private": "eyJlMmJmYjczMC1lY2FhLTExZTYtOGY4OC0zNDM2M2JjN2M0YzAiOnsiY3JlYXRlIjoxODAwMDAwMDAwMDAwLCJkZWxldGUiOjE4MDAwMDAwMDAwMDAsInJlYWQiOjMwMDAwMDAwMDAwMCwidXBkYXRlIjoxODAwMDAwMDAwMDAwfX0=",
          "dependencies": [
            "module.networking.module.security-sg-sub-a.azurerm_network_security_group.secgrp",
            "module.resgrp.azurerm_resource_group.grp"
          ]
        },
        {
          "index_key": 1,
          "schema_version": 0,
          "attributes": {
            "access": "Allow",
            "description": "",
            "destination_address_prefix": "VirtualNetwork",
            "destination_address_prefixes": [],
            "destination_application_security_group_ids": [],
            "destination_port_range": "*",
            "destination_port_ranges": [],
            "direction": "Inbound",
            "id": "/subscriptions/eed7793f-216a-4d5f-8650-23329c6ab0b5/resourceGroups/dev/providers/Microsoft.Network/networkSecurityGroups/sg-snet-a-dev/securityRules/sgri-snet-a-101-dev",
            "name": "sgri-snet-a-101-dev",
            "network_security_group_name": "sg-snet-a-dev",
            "priority": 101,
            "protocol": "Tcp",
            "resource_group_name": "dev",
            "source_address_prefix": "VirtualNetwork",
            "source_address_prefixes": [],
            "source_application_security_group_ids": [],
            "source_port_range": "*",
            "source_port_ranges": [],
            "timeouts": null
          },
          "sensitive_attributes": [],
          "private": "eyJlMmJmYjczMC1lY2FhLTExZTYtOGY4OC0zNDM2M2JjN2M0YzAiOnsiY3JlYXRlIjoxODAwMDAwMDAwMDAwLCJkZWxldGUiOjE4MDAwMDAwMDAwMDAsInJlYWQiOjMwMDAwMDAwMDAwMCwidXBkYXRlIjoxODAwMDAwMDAwMDAwfX0=",
          "dependencies": [
            "module.networking.module.security-sg-sub-a.azurerm_network_security_group.secgrp",
            "module.resgrp.azurerm_resource_group.grp"
          ]
        },
        {
          "index_key": 2,
          "schema_version": 0,
          "attributes": {
            "access": "Allow",
            "description": "",
            "destination_address_prefix": "VirtualNetwork",
            "destination_address_prefixes": [],
            "destination_application_security_group_ids": [],
            "destination_port_range": "*",
            "destination_port_ranges": [],
            "direction": "Inbound",
            "id": "/subscriptions/eed7793f-216a-4d5f-8650-23329c6ab0b5/resourceGroups/dev/providers/Microsoft.Network/networkSecurityGroups/sg-snet-a-dev/securityRules/sgri-snet-a-102-dev",
            "name": "sgri-snet-a-102-dev",
            "network_security_group_name": "sg-snet-a-dev",
            "priority": 102,
            "protocol": "Tcp",
            "resource_group_name": "dev",
            "source_address_prefix": "172.16.30.0/23",
            "source_address_prefixes": [],
            "source_application_security_group_ids": [],
            "source_port_range": "*",
            "source_port_ranges": [],
            "timeouts": null
          },
          "sensitive_attributes": [],
          "private": "eyJlMmJmYjczMC1lY2FhLTExZTYtOGY4OC0zNDM2M2JjN2M0YzAiOnsiY3JlYXRlIjoxODAwMDAwMDAwMDAwLCJkZWxldGUiOjE4MDAwMDAwMDAwMDAsInJlYWQiOjMwMDAwMDAwMDAwMCwidXBkYXRlIjoxODAwMDAwMDAwMDAwfX0=",
          "dependencies": [
            "module.networking.module.security-sg-sub-a.azurerm_network_security_group.secgrp",
            "module.resgrp.azurerm_resource_group.grp"
          ]
        },
        {
          "index_key": 3,
          "schema_version": 0,
          "attributes": {
            "access": "Deny",
            "description": "",
            "destination_address_prefix": "*",
            "destination_address_prefixes": [],
            "destination_application_security_group_ids": [],
            "destination_port_range": "*",
            "destination_port_ranges": [],
            "direction": "Inbound",
            "id": "/subscriptions/eed7793f-216a-4d5f-8650-23329c6ab0b5/resourceGroups/dev/providers/Microsoft.Network/networkSecurityGroups/sg-snet-a-dev/securityRules/sgri-snet-a-110-dev",
            "name": "sgri-snet-a-110-dev",
            "network_security_group_name": "sg-snet-a-dev",
            "priority": 110,
            "protocol": "Tcp",
            "resource_group_name": "dev",
            "source_address_prefix": "*",
            "source_address_prefixes": [],
            "source_application_security_group_ids": [],
            "source_port_range": "*",
            "source_port_ranges": [],
            "timeouts": null
          },
          "sensitive_attributes": [],
          "private": "eyJlMmJmYjczMC1lY2FhLTExZTYtOGY4OC0zNDM2M2JjN2M0YzAiOnsiY3JlYXRlIjoxODAwMDAwMDAwMDAwLCJkZWxldGUiOjE4MDAwMDAwMDAwMDAsInJlYWQiOjMwMDAwMDAwMDAwMCwidXBkYXRlIjoxODAwMDAwMDAwMDAwfX0=",
          "dependencies": [
            "module.networking.module.security-sg-sub-a.azurerm_network_security_group.secgrp",
            "module.resgrp.azurerm_resource_group.grp"
          ]
        }
      ]
    },
    {
      "module": "module.networking[0].module.security-sg-sub-a",
      "mode": "managed",
      "type": "azurerm_network_security_rule",
      "name": "secgrpo_rule",
      "provider": "provider[\"registry.terraform.io/hashicorp/azurerm\"]",
      "instances": [
        {
          "index_key": 0,
          "schema_version": 0,
          "attributes": {
            "access": "Allow",
            "description": "",
            "destination_address_prefix": "*",
            "destination_address_prefixes": [],
            "destination_application_security_group_ids": [],
            "destination_port_range": "*",
            "destination_port_ranges": [],
            "direction": "Outbound",
            "id": "/subscriptions/eed7793f-216a-4d5f-8650-23329c6ab0b5/resourceGroups/dev/providers/Microsoft.Network/networkSecurityGroups/sg-snet-a-dev/securityRules/sgro-snet-a-110-dev",
            "name": "sgro-snet-a-110-dev",
            "network_security_group_name": "sg-snet-a-dev",
            "priority": 110,
            "protocol": "Tcp",
            "resource_group_name": "dev",
            "source_address_prefix": "*",
            "source_address_prefixes": [],
            "source_application_security_group_ids": [],
            "source_port_range": "*",
            "source_port_ranges": [],
            "timeouts": null
          },
          "sensitive_attributes": [],
          "private": "eyJlMmJmYjczMC1lY2FhLTExZTYtOGY4OC0zNDM2M2JjN2M0YzAiOnsiY3JlYXRlIjoxODAwMDAwMDAwMDAwLCJkZWxldGUiOjE4MDAwMDAwMDAwMDAsInJlYWQiOjMwMDAwMDAwMDAwMCwidXBkYXRlIjoxODAwMDAwMDAwMDAwfX0=",
          "dependencies": [
            "module.networking.module.security-sg-sub-a.azurerm_network_security_group.secgrp",
            "module.resgrp.azurerm_resource_group.grp"
          ]
        }
      ]
    },
    {
      "module": "module.networking[0].module.security-sg-sub-b",
      "mode": "managed",
      "type": "azurerm_network_security_group",
      "name": "secgrp",
      "provider": "provider[\"registry.terraform.io/hashicorp/azurerm\"]",
      "instances": [
        {
          "schema_version": 0,
          "attributes": {
            "id": "/subscriptions/eed7793f-216a-4d5f-8650-23329c6ab0b5/resourceGroups/dev/providers/Microsoft.Network/networkSecurityGroups/sg-snet-b-dev",
            "location": "westus",
            "name": "sg-snet-b-dev",
            "resource_group_name": "dev",
            "security_rule": [
              {
                "access": "Allow",
                "description": "",
                "destination_address_prefix": "*",
                "destination_address_prefixes": [],
                "destination_application_security_group_ids": [],
                "destination_port_range": "*",
                "destination_port_ranges": [],
                "direction": "Inbound",
                "name": "sgri-snet-b-100-dev",
                "priority": 100,
                "protocol": "Tcp",
                "source_address_prefix": "AzureLoadBalancer",
                "source_address_prefixes": [],
                "source_application_security_group_ids": [],
                "source_port_range": "*",
                "source_port_ranges": []
              },
              {
                "access": "Allow",
                "description": "",
                "destination_address_prefix": "*",
                "destination_address_prefixes": [],
                "destination_application_security_group_ids": [],
                "destination_port_range": "*",
                "destination_port_ranges": [],
                "direction": "Outbound",
                "name": "sgro-snet-b-110-dev",
                "priority": 110,
                "protocol": "Tcp",
                "source_address_prefix": "*",
                "source_address_prefixes": [],
                "source_application_security_group_ids": [],
                "source_port_range": "*",
                "source_port_ranges": []
              },
              {
                "access": "Allow",
                "description": "",
                "destination_address_prefix": "VirtualNetwork",
                "destination_address_prefixes": [],
                "destination_application_security_group_ids": [],
                "destination_port_range": "*",
                "destination_port_ranges": [],
                "direction": "Inbound",
                "name": "sgri-snet-b-101-dev",
                "priority": 101,
                "protocol": "Tcp",
                "source_address_prefix": "VirtualNetwork",
                "source_address_prefixes": [],
                "source_application_security_group_ids": [],
                "source_port_range": "*",
                "source_port_ranges": []
              },
              {
                "access": "Allow",
                "description": "",
                "destination_address_prefix": "VirtualNetwork",
                "destination_address_prefixes": [],
                "destination_application_security_group_ids": [],
                "destination_port_range": "*",
                "destination_port_ranges": [],
                "direction": "Inbound",
                "name": "sgri-snet-b-102-dev",
                "priority": 102,
                "protocol": "Tcp",
                "source_address_prefix": "172.16.30.0/23",
                "source_address_prefixes": [],
                "source_application_security_group_ids": [],
                "source_port_range": "*",
                "source_port_ranges": []
              },
              {
                "access": "Allow",
                "description": "",
                "destination_address_prefix": "VirtualNetwork",
                "destination_address_prefixes": [],
                "destination_application_security_group_ids": [],
                "destination_port_range": "3443",
                "destination_port_ranges": [],
                "direction": "Inbound",
                "name": "sgri-snet-b-103-dev",
                "priority": 103,
                "protocol": "Tcp",
                "source_address_prefix": "ApiManagement",
                "source_address_prefixes": [],
                "source_application_security_group_ids": [],
                "source_port_range": "*",
                "source_port_ranges": []
              },
              {
                "access": "Deny",
                "description": "",
                "destination_address_prefix": "*",
                "destination_address_prefixes": [],
                "destination_application_security_group_ids": [],
                "destination_port_range": "*",
                "destination_port_ranges": [],
                "direction": "Inbound",
                "name": "sgri-snet-b-110-dev",
                "priority": 110,
                "protocol": "Tcp",
                "source_address_prefix": "*",
                "source_address_prefixes": [],
                "source_application_security_group_ids": [],
                "source_port_range": "*",
                "source_port_ranges": []
              }
            ],
            "tags": {},
            "timeouts": null
          },
          "sensitive_attributes": [],
          "private": "eyJlMmJmYjczMC1lY2FhLTExZTYtOGY4OC0zNDM2M2JjN2M0YzAiOnsiY3JlYXRlIjoxODAwMDAwMDAwMDAwLCJkZWxldGUiOjE4MDAwMDAwMDAwMDAsInJlYWQiOjMwMDAwMDAwMDAwMCwidXBkYXRlIjoxODAwMDAwMDAwMDAwfX0=",
          "dependencies": [
            "module.resgrp.azurerm_resource_group.grp"
          ]
        }
      ]
    },
    {
      "module": "module.networking[0].module.security-sg-sub-b",
      "mode": "managed",
      "type": "azurerm_network_security_rule",
      "name": "secgrpi_rule",
      "provider": "provider[\"registry.terraform.io/hashicorp/azurerm\"]",
      "instances": [
        {
          "index_key": 0,
          "schema_version": 0,
          "attributes": {
            "access": "Allow",
            "description": "",
            "destination_address_prefix": "*",
            "destination_address_prefixes": [],
            "destination_application_security_group_ids": [],
            "destination_port_range": "*",
            "destination_port_ranges": [],
            "direction": "Inbound",
            "id": "/subscriptions/eed7793f-216a-4d5f-8650-23329c6ab0b5/resourceGroups/dev/providers/Microsoft.Network/networkSecurityGroups/sg-snet-b-dev/securityRules/sgri-snet-b-100-dev",
            "name": "sgri-snet-b-100-dev",
            "network_security_group_name": "sg-snet-b-dev",
            "priority": 100,
            "protocol": "Tcp",
            "resource_group_name": "dev",
            "source_address_prefix": "AzureLoadBalancer",
            "source_address_prefixes": [],
            "source_application_security_group_ids": [],
            "source_port_range": "*",
            "source_port_ranges": [],
            "timeouts": null
          },
          "sensitive_attributes": [],
          "private": "eyJlMmJmYjczMC1lY2FhLTExZTYtOGY4OC0zNDM2M2JjN2M0YzAiOnsiY3JlYXRlIjoxODAwMDAwMDAwMDAwLCJkZWxldGUiOjE4MDAwMDAwMDAwMDAsInJlYWQiOjMwMDAwMDAwMDAwMCwidXBkYXRlIjoxODAwMDAwMDAwMDAwfX0=",
          "dependencies": [
            "module.networking.module.security-sg-sub-b.azurerm_network_security_group.secgrp",
            "module.resgrp.azurerm_resource_group.grp"
          ]
        },
        {
          "index_key": 1,
          "schema_version": 0,
          "attributes": {
            "access": "Allow",
            "description": "",
            "destination_address_prefix": "VirtualNetwork",
            "destination_address_prefixes": [],
            "destination_application_security_group_ids": [],
            "destination_port_range": "*",
            "destination_port_ranges": [],
            "direction": "Inbound",
            "id": "/subscriptions/eed7793f-216a-4d5f-8650-23329c6ab0b5/resourceGroups/dev/providers/Microsoft.Network/networkSecurityGroups/sg-snet-b-dev/securityRules/sgri-snet-b-101-dev",
            "name": "sgri-snet-b-101-dev",
            "network_security_group_name": "sg-snet-b-dev",
            "priority": 101,
            "protocol": "Tcp",
            "resource_group_name": "dev",
            "source_address_prefix": "VirtualNetwork",
            "source_address_prefixes": [],
            "source_application_security_group_ids": [],
            "source_port_range": "*",
            "source_port_ranges": [],
            "timeouts": null
          },
          "sensitive_attributes": [],
          "private": "eyJlMmJmYjczMC1lY2FhLTExZTYtOGY4OC0zNDM2M2JjN2M0YzAiOnsiY3JlYXRlIjoxODAwMDAwMDAwMDAwLCJkZWxldGUiOjE4MDAwMDAwMDAwMDAsInJlYWQiOjMwMDAwMDAwMDAwMCwidXBkYXRlIjoxODAwMDAwMDAwMDAwfX0=",
          "dependencies": [
            "module.networking.module.security-sg-sub-b.azurerm_network_security_group.secgrp",
            "module.resgrp.azurerm_resource_group.grp"
          ]
        },
        {
          "index_key": 2,
          "schema_version": 0,
          "attributes": {
            "access": "Allow",
            "description": "",
            "destination_address_prefix": "VirtualNetwork",
            "destination_address_prefixes": [],
            "destination_application_security_group_ids": [],
            "destination_port_range": "*",
            "destination_port_ranges": [],
            "direction": "Inbound",
            "id": "/subscriptions/eed7793f-216a-4d5f-8650-23329c6ab0b5/resourceGroups/dev/providers/Microsoft.Network/networkSecurityGroups/sg-snet-b-dev/securityRules/sgri-snet-b-102-dev",
            "name": "sgri-snet-b-102-dev",
            "network_security_group_name": "sg-snet-b-dev",
            "priority": 102,
            "protocol": "Tcp",
            "resource_group_name": "dev",
            "source_address_prefix": "172.16.30.0/23",
            "source_address_prefixes": [],
            "source_application_security_group_ids": [],
            "source_port_range": "*",
            "source_port_ranges": [],
            "timeouts": null
          },
          "sensitive_attributes": [],
          "private": "eyJlMmJmYjczMC1lY2FhLTExZTYtOGY4OC0zNDM2M2JjN2M0YzAiOnsiY3JlYXRlIjoxODAwMDAwMDAwMDAwLCJkZWxldGUiOjE4MDAwMDAwMDAwMDAsInJlYWQiOjMwMDAwMDAwMDAwMCwidXBkYXRlIjoxODAwMDAwMDAwMDAwfX0=",
          "dependencies": [
            "module.networking.module.security-sg-sub-b.azurerm_network_security_group.secgrp",
            "module.resgrp.azurerm_resource_group.grp"
          ]
        },
        {
          "index_key": 3,
          "schema_version": 0,
          "attributes": {
            "access": "Allow",
            "description": "",
            "destination_address_prefix": "VirtualNetwork",
            "destination_address_prefixes": [],
            "destination_application_security_group_ids": [],
            "destination_port_range": "3443",
            "destination_port_ranges": [],
            "direction": "Inbound",
            "id": "/subscriptions/eed7793f-216a-4d5f-8650-23329c6ab0b5/resourceGroups/dev/providers/Microsoft.Network/networkSecurityGroups/sg-snet-b-dev/securityRules/sgri-snet-b-103-dev",
            "name": "sgri-snet-b-103-dev",
            "network_security_group_name": "sg-snet-b-dev",
            "priority": 103,
            "protocol": "Tcp",
            "resource_group_name": "dev",
            "source_address_prefix": "ApiManagement",
            "source_address_prefixes": [],
            "source_application_security_group_ids": [],
            "source_port_range": "*",
            "source_port_ranges": [],
            "timeouts": null
          },
          "sensitive_attributes": [],
          "private": "eyJlMmJmYjczMC1lY2FhLTExZTYtOGY4OC0zNDM2M2JjN2M0YzAiOnsiY3JlYXRlIjoxODAwMDAwMDAwMDAwLCJkZWxldGUiOjE4MDAwMDAwMDAwMDAsInJlYWQiOjMwMDAwMDAwMDAwMCwidXBkYXRlIjoxODAwMDAwMDAwMDAwfX0=",
          "dependencies": [
            "module.networking.module.security-sg-sub-b.azurerm_network_security_group.secgrp",
            "module.resgrp.azurerm_resource_group.grp"
          ]
        },
        {
          "index_key": 4,
          "schema_version": 0,
          "attributes": {
            "access": "Deny",
            "description": "",
            "destination_address_prefix": "*",
            "destination_address_prefixes": [],
            "destination_application_security_group_ids": [],
            "destination_port_range": "*",
            "destination_port_ranges": [],
            "direction": "Inbound",
            "id": "/subscriptions/eed7793f-216a-4d5f-8650-23329c6ab0b5/resourceGroups/dev/providers/Microsoft.Network/networkSecurityGroups/sg-snet-b-dev/securityRules/sgri-snet-b-110-dev",
            "name": "sgri-snet-b-110-dev",
            "network_security_group_name": "sg-snet-b-dev",
            "priority": 110,
            "protocol": "Tcp",
            "resource_group_name": "dev",
            "source_address_prefix": "*",
            "source_address_prefixes": [],
            "source_application_security_group_ids": [],
            "source_port_range": "*",
            "source_port_ranges": [],
            "timeouts": null
          },
          "sensitive_attributes": [],
          "private": "eyJlMmJmYjczMC1lY2FhLTExZTYtOGY4OC0zNDM2M2JjN2M0YzAiOnsiY3JlYXRlIjoxODAwMDAwMDAwMDAwLCJkZWxldGUiOjE4MDAwMDAwMDAwMDAsInJlYWQiOjMwMDAwMDAwMDAwMCwidXBkYXRlIjoxODAwMDAwMDAwMDAwfX0=",
          "dependencies": [
            "module.networking.module.security-sg-sub-b.azurerm_network_security_group.secgrp",
            "module.resgrp.azurerm_resource_group.grp"
          ]
        }
      ]
    },
    {
      "module": "module.networking[0].module.security-sg-sub-b",
      "mode": "managed",
      "type": "azurerm_network_security_rule",
      "name": "secgrpo_rule",
      "provider": "provider[\"registry.terraform.io/hashicorp/azurerm\"]",
      "instances": [
        {
          "index_key": 0,
          "schema_version": 0,
          "attributes": {
            "access": "Allow",
            "description": "",
            "destination_address_prefix": "*",
            "destination_address_prefixes": [],
            "destination_application_security_group_ids": [],
            "destination_port_range": "*",
            "destination_port_ranges": [],
            "direction": "Outbound",
            "id": "/subscriptions/eed7793f-216a-4d5f-8650-23329c6ab0b5/resourceGroups/dev/providers/Microsoft.Network/networkSecurityGroups/sg-snet-b-dev/securityRules/sgro-snet-b-110-dev",
            "name": "sgro-snet-b-110-dev",
            "network_security_group_name": "sg-snet-b-dev",
            "priority": 110,
            "protocol": "Tcp",
            "resource_group_name": "dev",
            "source_address_prefix": "*",
            "source_address_prefixes": [],
            "source_application_security_group_ids": [],
            "source_port_range": "*",
            "source_port_ranges": [],
            "timeouts": null
          },
          "sensitive_attributes": [],
          "private": "eyJlMmJmYjczMC1lY2FhLTExZTYtOGY4OC0zNDM2M2JjN2M0YzAiOnsiY3JlYXRlIjoxODAwMDAwMDAwMDAwLCJkZWxldGUiOjE4MDAwMDAwMDAwMDAsInJlYWQiOjMwMDAwMDAwMDAwMCwidXBkYXRlIjoxODAwMDAwMDAwMDAwfX0=",
          "dependencies": [
            "module.networking.module.security-sg-sub-b.azurerm_network_security_group.secgrp",
            "module.resgrp.azurerm_resource_group.grp"
          ]
        }
      ]
    },
    {
      "module": "module.postgres-db-backstage[0]",
      "mode": "managed",
      "type": "azurerm_postgresql_database",
      "name": "psqldb",
      "provider": "provider[\"registry.terraform.io/hashicorp/azurerm\"]",
      "instances": [
        {
          "index_key": 0,
          "schema_version": 0,
          "attributes": {
            "charset": "UTF8",
            "collation": "English_United States.1252",
            "id": "/subscriptions/eed7793f-216a-4d5f-8650-23329c6ab0b5/resourceGroups/dev/providers/Microsoft.DBforPostgreSQL/servers/bs-srv-dev/databases/bs-db-dev",
            "name": "bs-db-dev",
            "resource_group_name": "dev",
            "server_name": "bs-srv-dev",
            "timeouts": null
          },
          "sensitive_attributes": [],
          "private": "eyJlMmJmYjczMC1lY2FhLTExZTYtOGY4OC0zNDM2M2JjN2M0YzAiOnsiY3JlYXRlIjozNjAwMDAwMDAwMDAwLCJkZWxldGUiOjM2MDAwMDAwMDAwMDAsInJlYWQiOjMwMDAwMDAwMDAwMCwidXBkYXRlIjozNjAwMDAwMDAwMDAwfX0=",
          "dependencies": [
            "module.postgres-db-backstage.azurerm_postgresql_server.psqlserver"
          ]
        }
      ]
    },
    {
      "module": "module.postgres-db-backstage[0]",
      "mode": "managed",
      "type": "azurerm_postgresql_server",
      "name": "psqlserver",
      "provider": "provider[\"registry.terraform.io/hashicorp/azurerm\"]",
      "instances": [
        {
          "index_key": 0,
          "schema_version": 0,
          "attributes": {
            "administrator_login": "bsadmin",
            "administrator_login_password": "Backstageportal22",
            "auto_grow_enabled": true,
            "backup_retention_days": 7,
            "create_mode": "Default",
            "creation_source_server_id": null,
            "fqdn": "bs-srv-dev.postgres.database.azure.com",
            "geo_redundant_backup_enabled": false,
            "id": "/subscriptions/eed7793f-216a-4d5f-8650-23329c6ab0b5/resourceGroups/dev/providers/Microsoft.DBforPostgreSQL/servers/bs-srv-dev",
            "identity": [],
            "infrastructure_encryption_enabled": false,
            "location": "westus",
            "name": "bs-srv-dev",
            "public_network_access_enabled": true,
            "resource_group_name": "dev",
            "restore_point_in_time": null,
            "sku_name": "B_Gen5_1",
            "ssl_enforcement": "Enabled",
            "ssl_enforcement_enabled": true,
            "ssl_minimal_tls_version_enforced": "TLSEnforcementDisabled",
            "storage_mb": 65536,
            "storage_profile": [
              {
                "auto_grow": "Enabled",
                "backup_retention_days": 7,
                "geo_redundant_backup": "Disabled",
                "storage_mb": 65536
              }
            ],
            "tags": {},
            "threat_detection_policy": [],
            "timeouts": null,
            "version": "9.6"
          },
          "sensitive_attributes": [
            [
              {
                "type": "get_attr",
                "value": "administrator_login_password"
              }
            ]
          ],
          "private": "eyJlMmJmYjczMC1lY2FhLTExZTYtOGY4OC0zNDM2M2JjN2M0YzAiOnsiY3JlYXRlIjozNjAwMDAwMDAwMDAwLCJkZWxldGUiOjM2MDAwMDAwMDAwMDAsInJlYWQiOjMwMDAwMDAwMDAwMCwidXBkYXRlIjozNjAwMDAwMDAwMDAwfX0="
        }
      ]
    },
    {
      "module": "module.resgrp[0]",
      "mode": "managed",
      "type": "azurerm_resource_group",
      "name": "grp",
      "provider": "provider[\"registry.terraform.io/hashicorp/azurerm\"]",
      "instances": [
        {
          "schema_version": 0,
          "attributes": {
            "id": "/subscriptions/eed7793f-216a-4d5f-8650-23329c6ab0b5/resourceGroups/dev",
            "location": "westus",
            "name": "dev",
            "tags": {},
            "timeouts": null
          },
          "sensitive_attributes": [],
          "private": "eyJlMmJmYjczMC1lY2FhLTExZTYtOGY4OC0zNDM2M2JjN2M0YzAiOnsiY3JlYXRlIjo1NDAwMDAwMDAwMDAwLCJkZWxldGUiOjU0MDAwMDAwMDAwMDAsInJlYWQiOjMwMDAwMDAwMDAwMCwidXBkYXRlIjo1NDAwMDAwMDAwMDAwfX0="
        }
      ]
    },
    {
      "module": "module.storage[0]",
      "mode": "managed",
      "type": "azurerm_storage_account",
      "name": "stg",
      "provider": "provider[\"registry.terraform.io/hashicorp/azurerm\"]",
      "instances": [
        {
          "schema_version": 2,
          "attributes": {
            "access_tier": "Hot",
            "account_kind": "StorageV2",
            "account_replication_type": "GRS",
            "account_tier": "Standard",
            "allow_blob_public_access": false,
            "azure_files_authentication": [],
            "blob_properties": [
              {
                "change_feed_enabled": false,
                "container_delete_retention_policy": [],
                "cors_rule": [],
                "default_service_version": "",
                "delete_retention_policy": [],
                "last_access_time_enabled": false,
                "versioning_enabled": false
              }
            ],
            "custom_domain": [],
            "enable_https_traffic_only": true,
            "id": "/subscriptions/eed7793f-216a-4d5f-8650-23329c6ab0b5/resourceGroups/dev/providers/Microsoft.Storage/storageAccounts/bradescotechmaindev",
            "identity": [],
            "infrastructure_encryption_enabled": false,
            "is_hns_enabled": false,
            "large_file_share_enabled": null,
            "location": "westus",
            "min_tls_version": "TLS1_0",
            "name": "bradescotechmaindev",
            "network_rules": [
              {
                "bypass": [
                  "AzureServices"
                ],
                "default_action": "Allow",
                "ip_rules": [],
                "private_link_access": [],
                "virtual_network_subnet_ids": []
              }
            ],
            "nfsv3_enabled": false,
            "primary_access_key": "JghqbQKMT7vFPVlBQ/lL4u4Kt0GyDF+jmxbRAQ9U6l8mIGwkt5IzRxJWMGfJfyOPZw6o1lkI6mxYzUugibOl8Q==",
            "primary_blob_connection_string": "DefaultEndpointsProtocol=https;BlobEndpoint=https://bradescotechmaindev.blob.core.windows.net/;AccountName=bradescotechmaindev;AccountKey=JghqbQKMT7vFPVlBQ/lL4u4Kt0GyDF+jmxbRAQ9U6l8mIGwkt5IzRxJWMGfJfyOPZw6o1lkI6mxYzUugibOl8Q==",
            "primary_blob_endpoint": "https://bradescotechmaindev.blob.core.windows.net/",
            "primary_blob_host": "bradescotechmaindev.blob.core.windows.net",
            "primary_connection_string": "DefaultEndpointsProtocol=https;AccountName=bradescotechmaindev;AccountKey=JghqbQKMT7vFPVlBQ/lL4u4Kt0GyDF+jmxbRAQ9U6l8mIGwkt5IzRxJWMGfJfyOPZw6o1lkI6mxYzUugibOl8Q==;EndpointSuffix=core.windows.net",
            "primary_dfs_endpoint": "https://bradescotechmaindev.dfs.core.windows.net/",
            "primary_dfs_host": "bradescotechmaindev.dfs.core.windows.net",
            "primary_file_endpoint": "https://bradescotechmaindev.file.core.windows.net/",
            "primary_file_host": "bradescotechmaindev.file.core.windows.net",
            "primary_location": "westus",
            "primary_queue_endpoint": "https://bradescotechmaindev.queue.core.windows.net/",
            "primary_queue_host": "bradescotechmaindev.queue.core.windows.net",
            "primary_table_endpoint": "https://bradescotechmaindev.table.core.windows.net/",
            "primary_table_host": "bradescotechmaindev.table.core.windows.net",
            "primary_web_endpoint": "https://bradescotechmaindev.z22.web.core.windows.net/",
            "primary_web_host": "bradescotechmaindev.z22.web.core.windows.net",
            "queue_encryption_key_type": "Service",
            "queue_properties": [
              {
                "cors_rule": [],
                "hour_metrics": [
                  {
                    "enabled": true,
                    "include_apis": true,
                    "retention_policy_days": 7,
                    "version": "1.0"
                  }
                ],
                "logging": [
                  {
                    "delete": false,
                    "read": false,
                    "retention_policy_days": 0,
                    "version": "1.0",
                    "write": false
                  }
                ],
                "minute_metrics": [
                  {
                    "enabled": false,
                    "include_apis": false,
                    "retention_policy_days": 0,
                    "version": "1.0"
                  }
                ]
              }
            ],
            "resource_group_name": "dev",
            "routing": [],
            "secondary_access_key": "uFj2mTmBkIn6rR6BivMIDQVRooJs5TfSHU7PKtJEKmxxl6NAGnFDpd5A2h0uPPvczTVzEebEwCTJedErNpZq9g==",
            "secondary_blob_connection_string": "",
            "secondary_blob_endpoint": null,
            "secondary_blob_host": null,
            "secondary_connection_string": "DefaultEndpointsProtocol=https;AccountName=bradescotechmaindev;AccountKey=uFj2mTmBkIn6rR6BivMIDQVRooJs5TfSHU7PKtJEKmxxl6NAGnFDpd5A2h0uPPvczTVzEebEwCTJedErNpZq9g==;EndpointSuffix=core.windows.net",
            "secondary_dfs_endpoint": null,
            "secondary_dfs_host": null,
            "secondary_file_endpoint": null,
            "secondary_file_host": null,
            "secondary_location": "eastus",
            "secondary_queue_endpoint": null,
            "secondary_queue_host": null,
            "secondary_table_endpoint": null,
            "secondary_table_host": null,
            "secondary_web_endpoint": null,
            "secondary_web_host": null,
            "share_properties": [
              {
                "cors_rule": [],
                "retention_policy": [
                  {
                    "days": 7
                  }
                ],
                "smb": []
              }
            ],
            "shared_access_key_enabled": true,
            "static_website": [],
            "table_encryption_key_type": "Service",
            "tags": {},
            "timeouts": null
          },
          "sensitive_attributes": [],
          "private": "eyJlMmJmYjczMC1lY2FhLTExZTYtOGY4OC0zNDM2M2JjN2M0YzAiOnsiY3JlYXRlIjozNjAwMDAwMDAwMDAwLCJkZWxldGUiOjM2MDAwMDAwMDAwMDAsInJlYWQiOjMwMDAwMDAwMDAwMCwidXBkYXRlIjozNjAwMDAwMDAwMDAwfSwic2NoZW1hX3ZlcnNpb24iOiIyIn0=",
          "dependencies": [
            "module.resgrp.azurerm_resource_group.grp"
          ]
        }
      ]
    }
  ]
}
